
Microsoft Visual Studio Solution File, Format Version 12.00
# Visual Studio Version 17
VisualStudioVersion = 17.12.35527.113
MinimumVisualStudioVersion = 10.0.40219.1
Project("{2150E333-8FDC-42A3-9474-1A3956D46DE8}") = "SkySoftFramework", "SkySoftFramework", "{FA27127D-05B0-498E-9B97-D704E206CE8D}"
EndProject
Project("{2150E333-8FDC-42A3-9474-1A3956D46DE8}") = "UseCases", "UseCases", "{40BD134E-47AC-426C-B492-D25A82B06B09}"
EndProject
Project("{2150E333-8FDC-42A3-9474-1A3956D46DE8}") = "BPP.Person", "BPP.Person", "{B3011872-CC19-4E39-85FC-2F5CDDCA432C}"
EndProject
Project("{2150E333-8FDC-42A3-9474-1A3956D46DE8}") = "Application", "Application", "{2AC5D1CA-B35F-4F7F-84FB-751CF4DD80AD}"
EndProject
Project("{2150E333-8FDC-42A3-9474-1A3956D46DE8}") = "UseCases", "UseCases", "{9C6392C8-3269-49FB-97D2-6CB041CE28B9}"
EndProject
Project("{FAE04EC0-301F-11D3-BF4B-00C04F79EFBC}") = "SkySoft.Contracts", "..\SkySoftFramework\SkySoft.Contracts\SkySoft.Contracts.csproj", "{D6E9E0BE-E7E1-421A-91B5-4717128BA53C}"
EndProject
Project("{FAE04EC0-301F-11D3-BF4B-00C04F79EFBC}") = "SkySoft.Core", "..\SkySoftFramework\SkySoft.Core\SkySoft.Core.csproj", "{DD56BA86-F1B7-4288-AA19-121B60E99727}"
EndProject
Project("{FAE04EC0-301F-11D3-BF4B-00C04F79EFBC}") = "SkySoft.ICommunication", "..\SkySoftFramework\SkySoft.ICommunication\SkySoft.ICommunication.csproj", "{DF42FC60-0328-4891-9E17-A84FCD1D5CD9}"
EndProject
Project("{FAE04EC0-301F-11D3-BF4B-00C04F79EFBC}") = "SkySoft.IBPPApplication", "..\SkySoftFramework\SkySoft.IBPPApplication\SkySoft.IBPPApplication.csproj", "{3AD7E764-5C99-4A0D-BCFA-EB4FAEBFB770}"
EndProject
Project("{FAE04EC0-301F-11D3-BF4B-00C04F79EFBC}") = "SkySoft.Communication", "..\SkySoftFramework\SkySoft.Communication\SkySoft.Communication.csproj", "{868FA4C0-14B6-4640-8EAE-8B1DB9279979}"
EndProject
Project("{FAE04EC0-301F-11D3-BF4B-00C04F79EFBC}") = "SkySoft.BPPApplication", "..\SkySoftFramework\SkySoft.BPPApplication\SkySoft.BPPApplication.csproj", "{2F710709-D69A-455D-925C-ACA41D106E1E}"
EndProject
Project("{FAE04EC0-301F-11D3-BF4B-00C04F79EFBC}") = "BPP.Person.CON", "..\BPPUseCases\BPP.Person.CON\BPP.Person.CON.csproj", "{1BB93F67-DA4F-41A7-A308-D5E925F881D1}"
EndProject
Project("{FAE04EC0-301F-11D3-BF4B-00C04F79EFBC}") = "BPP.Person.DTI", "..\BPPUseCases\BPP.Person.DTI\BPP.Person.DTI.csproj", "{654C62A2-ED86-4953-916F-C1B36ECAA5CE}"
EndProject
Project("{FAE04EC0-301F-11D3-BF4B-00C04F79EFBC}") = "BPP.Person.DTO", "..\BPPUseCases\BPP.Person.DTO\BPP.Person.DTO.csproj", "{09AB19E1-0374-4C73-9A26-6465FE9415EB}"
EndProject
Project("{2150E333-8FDC-42A3-9474-1A3956D46DE8}") = "SkySoft.APIHost", "SkySoft.APIHost", "{8A5EBCE0-6B9E-4504-AF0E-A0E4992A8C06}"
EndProject
Project("{FAE04EC0-301F-11D3-BF4B-00C04F79EFBC}") = "SkySoft.APIHost.CON", "..\SkySoftFramework\SkySoft.APIHost.CON\SkySoft.APIHost.CON.csproj", "{426E29E7-9255-4215-AF82-D36594A2F0CF}"
EndProject
Project("{FAE04EC0-301F-11D3-BF4B-00C04F79EFBC}") = "SkySoft.APIHost.DPL", "..\SkySoftFramework\SkySoft.APIHost.DPL\SkySoft.APIHost.DPL.csproj", "{CF94B090-8AD5-4D5F-A685-8F753EC39D21}"
EndProject
Project("{2150E333-8FDC-42A3-9474-1A3956D46DE8}") = "SkySoft.DnsClient", "SkySoft.DnsClient", "{DB90FFC8-55DE-456C-B1FD-5FE0267F8BD2}"
EndProject
Project("{FAE04EC0-301F-11D3-BF4B-00C04F79EFBC}") = "SkySoft.DnsClient.CON", "..\SkySoftFramework\SkySoft.DnsClient.CON\SkySoft.DnsClient.CON.csproj", "{DA8CCEFB-C042-4907-A8FF-3D75FD9A213F}"
EndProject
Project("{FAE04EC0-301F-11D3-BF4B-00C04F79EFBC}") = "SkySoft.DnsClient.DPL", "..\SkySoftFramework\SkySoft.DnsClient.DPL\SkySoft.DnsClient.DPL.csproj", "{D4B911C6-D4A3-4A20-AA58-F9BC90034F1B}"
EndProject
Project("{FAE04EC0-301F-11D3-BF4B-00C04F79EFBC}") = "SkySoft.APIHost.CFG", "..\SkySoftFramework\SkySoft.APIHost.CFG\SkySoft.APIHost.CFG.csproj", "{9B888594-1914-4FAE-AB64-782F35242832}"
EndProject
Project("{2150E333-8FDC-42A3-9474-1A3956D46DE8}") = "Data", "Data", "{3A4F034F-1395-451B-A089-C66D24AFBCBB}"
EndProject
Project("{FAE04EC0-301F-11D3-BF4B-00C04F79EFBC}") = "SkySoft.DnsRecord.DTI", "..\SkySoftFramework\SkySoft.DnsRecord.DTI\SkySoft.DnsRecord.DTI.csproj", "{03663311-6355-4E0C-9101-C162215A41B1}"
EndProject
Project("{FAE04EC0-301F-11D3-BF4B-00C04F79EFBC}") = "SkySoft.DnsRecord.DTO", "..\SkySoftFramework\SkySoft.DnsRecord.DTO\SkySoft.DnsRecord.DTO.csproj", "{28DA2C26-A602-450B-9793-8817CD25BDBE}"
EndProject
Project("{2150E333-8FDC-42A3-9474-1A3956D46DE8}") = "Components", "Components", "{D9C1083F-A3AC-4043-8958-872F069DBE3E}"
EndProject
Project("{FAE04EC0-301F-11D3-BF4B-00C04F79EFBC}") = "SkySoft.BPPApplication.CFG", "..\SkySoftFramework\SkySoft.BPPApplication.CFG\SkySoft.BPPApplication.CFG.csproj", "{EB23652D-C2CA-44CE-B644-C2424EBB46A7}"
EndProject
Project("{FAE04EC0-301F-11D3-BF4B-00C04F79EFBC}") = "SkySoft.DnsClient.CFG", "..\SkySoftFramework\SkySoft.DnsClient.CFG\SkySoft.DnsClient.CFG.csproj", "{951EB8F2-FCCD-448C-8884-4EF52C241FC1}"
EndProject
Project("{FAE04EC0-301F-11D3-BF4B-00C04F79EFBC}") = "SkySoft.BPPApplication.Runtime", "..\SkySoftFramework\SkySoft.BPPApplication.Runtime\SkySoft.BPPApplication.Runtime.csproj", "{176DDC48-B716-438F-8A6C-1AAB4FE36C40}"
EndProject
Project("{2150E333-8FDC-42A3-9474-1A3956D46DE8}") = "SkySoft.DnsServer", "SkySoft.DnsServer", "{294882D8-8A9F-494D-8834-DC9E5E30DA09}"
EndProject
Project("{FAE04EC0-301F-11D3-BF4B-00C04F79EFBC}") = "SkySoft.DnsServer.CON", "..\SkySoftFramework\SkySoft.DnsServer.CON\SkySoft.DnsServer.CON.csproj", "{DA500FBF-D6E5-4AA3-8026-A088763C8671}"
EndProject
Project("{2150E333-8FDC-42A3-9474-1A3956D46DE8}") = "SkySoft.DnsClientApp", "SkySoft.DnsClientApp", "{4D46611F-187B-4F7B-9C48-5A176E6F415C}"
EndProject
Project("{FAE04EC0-301F-11D3-BF4B-00C04F79EFBC}") = "SkySoft.APIHost.INI", "..\SkySoftFramework\SkySoft.APIHost.INI\SkySoft.APIHost.INI.csproj", "{28E6568B-0E3A-4F48-89A0-0BB708D951C6}"
EndProject
Project("{FAE04EC0-301F-11D3-BF4B-00C04F79EFBC}") = "SkySoft.DnsClientApp.CON", "..\SkySoftFramework\SkySoft.DnsClientApp.CON\SkySoft.DnsClientApp.CON.csproj", "{F6753FA8-B749-4E65-AF2D-45AF67D327E4}"
EndProject
Project("{FAE04EC0-301F-11D3-BF4B-00C04F79EFBC}") = "SkySoft.DnsClientApp.DPL", "..\SkySoftFramework\SkySoft.DnsClientApp.DPL\SkySoft.DnsClientApp.DPL.csproj", "{11FC0B10-015E-4BE4-92F8-DF362C3E807B}"
EndProject
Project("{FAE04EC0-301F-11D3-BF4B-00C04F79EFBC}") = "SkySoft.DnsClientApp.CFG", "..\SkySoftFramework\SkySoft.DnsClientApp.CFG\SkySoft.DnsClientApp.CFG.csproj", "{EB40827D-C797-4D61-91AC-715CE8C5A0AA}"
EndProject
Project("{2150E333-8FDC-42A3-9474-1A3956D46DE8}") = "BPP.PersonApp", "BPP.PersonApp", "{B6493688-A99D-4AA0-A050-F086BFFCADA9}"
EndProject
Project("{FAE04EC0-301F-11D3-BF4B-00C04F79EFBC}") = "BPP.PersonApp.CON", "..\BPPUseCases\BPP.PersonApp.CON\BPP.PersonApp.CON.csproj", "{40D9C37C-F15C-4909-AC55-86D8508FC771}"
EndProject
Project("{FAE04EC0-301F-11D3-BF4B-00C04F79EFBC}") = "BPP.Person.BL", "..\BPPUseCases\BPP.Person.BL\BPP.Person.BL.csproj", "{8B4C1DC4-C097-46D4-B24B-3FAC482BEC18}"
EndProject
Project("{FAE04EC0-301F-11D3-BF4B-00C04F79EFBC}") = "BPP.Person.BLCFG", "..\BPPUseCases\BPP.Person.BLCFG\BPP.Person.BLCFG.csproj", "{244F7778-0C90-493A-9980-FA0D85DD7A2B}"
EndProject
Project("{2150E333-8FDC-42A3-9474-1A3956D46DE8}") = "BPPApplication", "BPPApplication", "{A6447149-5E72-4C09-B114-256CE624B2C3}"
EndProject
Project("{2150E333-8FDC-42A3-9474-1A3956D46DE8}") = "Communication", "Communication", "{7DC1B2DD-24D9-4894-A0C0-36DA948AA0C2}"
EndProject
Project("{2150E333-8FDC-42A3-9474-1A3956D46DE8}") = "Core", "Core", "{742516F0-94ED-415E-8F7A-5CCE8BA23DF4}"
EndProject
Project("{2150E333-8FDC-42A3-9474-1A3956D46DE8}") = "Http", "Http", "{4A48E7C2-DBAE-48CE-840E-70BE6AA6BB5B}"
EndProject
Project("{FAE04EC0-301F-11D3-BF4B-00C04F79EFBC}") = "SkySoft.DnsClientServerComponents", "..\SkySoftFramework\SkySoft.DnsClientServerComponents\SkySoft.DnsClientServerComponents.csproj", "{386F78C2-3B4B-4B1C-A572-6819C41E4FA5}"
EndProject
Project("{FAE04EC0-301F-11D3-BF4B-00C04F79EFBC}") = "SkySoft.Http", "..\SkySoftFramework\SkySoft.Http\SkySoft.Http.csproj", "{1D7846D5-95BB-41C4-9A3F-BFD5858CAD77}"
EndProject
Project("{FAE04EC0-301F-11D3-BF4B-00C04F79EFBC}") = "SkySoft.Http.CFG", "..\SkySoftFramework\SkySoft.Http.CFG\SkySoft.Http.CFG.csproj", "{FED16C5B-E670-4EEF-9355-657DC915DD45}"
EndProject
Project("{FAE04EC0-301F-11D3-BF4B-00C04F79EFBC}") = "SkySoft.Http.DRV", "..\SkySoftFramework\SkySoft.Http.DRV\SkySoft.Http.DRV.csproj", "{E48F45FF-6B74-4E16-8901-8840A2542033}"
EndProject
Project("{FAE04EC0-301F-11D3-BF4B-00C04F79EFBC}") = "BPP.PersonApp.BL", "..\BPPUseCases\BPP.PersonApp.BL\BPP.PersonApp.BL.csproj", "{CAA42AC4-D413-4A18-B820-6546B873E050}"
EndProject
Project("{FAE04EC0-301F-11D3-BF4B-00C04F79EFBC}") = "BPP.PersonApp.BLCFG", "..\BPPUseCases\BPP.PersonApp.BLCFG\BPP.PersonApp.BLCFG.csproj", "{7BA5A608-326E-47CD-8D89-659934901B97}"
EndProject
Project("{FAE04EC0-301F-11D3-BF4B-00C04F79EFBC}") = "BPP.Person.BLAPI", "..\BPPUseCases\BPP.Person.BLAPI\BPP.Person.BLAPI.csproj", "{D3E9A021-AF34-49EE-84BA-7BAD59EA946A}"
EndProject
Global
	GlobalSection(SolutionConfigurationPlatforms) = preSolution
		Debug|Any CPU = Debug|Any CPU
		Release|Any CPU = Release|Any CPU
	EndGlobalSection
	GlobalSection(ProjectConfigurationPlatforms) = postSolution
		{D6E9E0BE-E7E1-421A-91B5-4717128BA53C}.Debug|Any CPU.ActiveCfg = Debug|Any CPU
		{D6E9E0BE-E7E1-421A-91B5-4717128BA53C}.Debug|Any CPU.Build.0 = Debug|Any CPU
		{D6E9E0BE-E7E1-421A-91B5-4717128BA53C}.Release|Any CPU.ActiveCfg = Release|Any CPU
		{D6E9E0BE-E7E1-421A-91B5-4717128BA53C}.Release|Any CPU.Build.0 = Release|Any CPU
		{DD56BA86-F1B7-4288-AA19-121B60E99727}.Debug|Any CPU.ActiveCfg = Debug|Any CPU
		{DD56BA86-F1B7-4288-AA19-121B60E99727}.Debug|Any CPU.Build.0 = Debug|Any CPU
		{DD56BA86-F1B7-4288-AA19-121B60E99727}.Release|Any CPU.ActiveCfg = Release|Any CPU
		{DD56BA86-F1B7-4288-AA19-121B60E99727}.Release|Any CPU.Build.0 = Release|Any CPU
		{DF42FC60-0328-4891-9E17-A84FCD1D5CD9}.Debug|Any CPU.ActiveCfg = Debug|Any CPU
		{DF42FC60-0328-4891-9E17-A84FCD1D5CD9}.Debug|Any CPU.Build.0 = Debug|Any CPU
		{DF42FC60-0328-4891-9E17-A84FCD1D5CD9}.Release|Any CPU.ActiveCfg = Release|Any CPU
		{DF42FC60-0328-4891-9E17-A84FCD1D5CD9}.Release|Any CPU.Build.0 = Release|Any CPU
		{3AD7E764-5C99-4A0D-BCFA-EB4FAEBFB770}.Debug|Any CPU.ActiveCfg = Debug|Any CPU
		{3AD7E764-5C99-4A0D-BCFA-EB4FAEBFB770}.Debug|Any CPU.Build.0 = Debug|Any CPU
		{3AD7E764-5C99-4A0D-BCFA-EB4FAEBFB770}.Release|Any CPU.ActiveCfg = Release|Any CPU
		{3AD7E764-5C99-4A0D-BCFA-EB4FAEBFB770}.Release|Any CPU.Build.0 = Release|Any CPU
		{868FA4C0-14B6-4640-8EAE-8B1DB9279979}.Debug|Any CPU.ActiveCfg = Debug|Any CPU
		{868FA4C0-14B6-4640-8EAE-8B1DB9279979}.Debug|Any CPU.Build.0 = Debug|Any CPU
		{868FA4C0-14B6-4640-8EAE-8B1DB9279979}.Release|Any CPU.ActiveCfg = Release|Any CPU
		{868FA4C0-14B6-4640-8EAE-8B1DB9279979}.Release|Any CPU.Build.0 = Release|Any CPU
		{2F710709-D69A-455D-925C-ACA41D106E1E}.Debug|Any CPU.ActiveCfg = Debug|Any CPU
		{2F710709-D69A-455D-925C-ACA41D106E1E}.Debug|Any CPU.Build.0 = Debug|Any CPU
		{2F710709-D69A-455D-925C-ACA41D106E1E}.Release|Any CPU.ActiveCfg = Release|Any CPU
		{2F710709-D69A-455D-925C-ACA41D106E1E}.Release|Any CPU.Build.0 = Release|Any CPU
		{1BB93F67-DA4F-41A7-A308-D5E925F881D1}.Debug|Any CPU.ActiveCfg = Debug|Any CPU
		{1BB93F67-DA4F-41A7-A308-D5E925F881D1}.Debug|Any CPU.Build.0 = Debug|Any CPU
		{1BB93F67-DA4F-41A7-A308-D5E925F881D1}.Release|Any CPU.ActiveCfg = Release|Any CPU
		{1BB93F67-DA4F-41A7-A308-D5E925F881D1}.Release|Any CPU.Build.0 = Release|Any CPU
		{654C62A2-ED86-4953-916F-C1B36ECAA5CE}.Debug|Any CPU.ActiveCfg = Debug|Any CPU
		{654C62A2-ED86-4953-916F-C1B36ECAA5CE}.Debug|Any CPU.Build.0 = Debug|Any CPU
		{654C62A2-ED86-4953-916F-C1B36ECAA5CE}.Release|Any CPU.ActiveCfg = Release|Any CPU
		{654C62A2-ED86-4953-916F-C1B36ECAA5CE}.Release|Any CPU.Build.0 = Release|Any CPU
		{09AB19E1-0374-4C73-9A26-6465FE9415EB}.Debug|Any CPU.ActiveCfg = Debug|Any CPU
		{09AB19E1-0374-4C73-9A26-6465FE9415EB}.Debug|Any CPU.Build.0 = Debug|Any CPU
		{09AB19E1-0374-4C73-9A26-6465FE9415EB}.Release|Any CPU.ActiveCfg = Release|Any CPU
		{09AB19E1-0374-4C73-9A26-6465FE9415EB}.Release|Any CPU.Build.0 = Release|Any CPU
		{426E29E7-9255-4215-AF82-D36594A2F0CF}.Debug|Any CPU.ActiveCfg = Debug|Any CPU
		{426E29E7-9255-4215-AF82-D36594A2F0CF}.Debug|Any CPU.Build.0 = Debug|Any CPU
		{426E29E7-9255-4215-AF82-D36594A2F0CF}.Release|Any CPU.ActiveCfg = Release|Any CPU
		{426E29E7-9255-4215-AF82-D36594A2F0CF}.Release|Any CPU.Build.0 = Release|Any CPU
		{CF94B090-8AD5-4D5F-A685-8F753EC39D21}.Debug|Any CPU.ActiveCfg = Debug|Any CPU
		{CF94B090-8AD5-4D5F-A685-8F753EC39D21}.Debug|Any CPU.Build.0 = Debug|Any CPU
		{CF94B090-8AD5-4D5F-A685-8F753EC39D21}.Release|Any CPU.ActiveCfg = Release|Any CPU
		{CF94B090-8AD5-4D5F-A685-8F753EC39D21}.Release|Any CPU.Build.0 = Release|Any CPU
		{DA8CCEFB-C042-4907-A8FF-3D75FD9A213F}.Debug|Any CPU.ActiveCfg = Debug|Any CPU
		{DA8CCEFB-C042-4907-A8FF-3D75FD9A213F}.Debug|Any CPU.Build.0 = Debug|Any CPU
		{DA8CCEFB-C042-4907-A8FF-3D75FD9A213F}.Release|Any CPU.ActiveCfg = Release|Any CPU
		{DA8CCEFB-C042-4907-A8FF-3D75FD9A213F}.Release|Any CPU.Build.0 = Release|Any CPU
		{D4B911C6-D4A3-4A20-AA58-F9BC90034F1B}.Debug|Any CPU.ActiveCfg = Debug|Any CPU
		{D4B911C6-D4A3-4A20-AA58-F9BC90034F1B}.Debug|Any CPU.Build.0 = Debug|Any CPU
		{D4B911C6-D4A3-4A20-AA58-F9BC90034F1B}.Release|Any CPU.ActiveCfg = Release|Any CPU
		{D4B911C6-D4A3-4A20-AA58-F9BC90034F1B}.Release|Any CPU.Build.0 = Release|Any CPU
		{9B888594-1914-4FAE-AB64-782F35242832}.Debug|Any CPU.ActiveCfg = Debug|Any CPU
		{9B888594-1914-4FAE-AB64-782F35242832}.Debug|Any CPU.Build.0 = Debug|Any CPU
		{9B888594-1914-4FAE-AB64-782F35242832}.Release|Any CPU.ActiveCfg = Release|Any CPU
		{9B888594-1914-4FAE-AB64-782F35242832}.Release|Any CPU.Build.0 = Release|Any CPU
		{03663311-6355-4E0C-9101-C162215A41B1}.Debug|Any CPU.ActiveCfg = Debug|Any CPU
		{03663311-6355-4E0C-9101-C162215A41B1}.Debug|Any CPU.Build.0 = Debug|Any CPU
		{03663311-6355-4E0C-9101-C162215A41B1}.Release|Any CPU.ActiveCfg = Release|Any CPU
		{03663311-6355-4E0C-9101-C162215A41B1}.Release|Any CPU.Build.0 = Release|Any CPU
		{28DA2C26-A602-450B-9793-8817CD25BDBE}.Debug|Any CPU.ActiveCfg = Debug|Any CPU
		{28DA2C26-A602-450B-9793-8817CD25BDBE}.Debug|Any CPU.Build.0 = Debug|Any CPU
		{28DA2C26-A602-450B-9793-8817CD25BDBE}.Release|Any CPU.ActiveCfg = Release|Any CPU
		{28DA2C26-A602-450B-9793-8817CD25BDBE}.Release|Any CPU.Build.0 = Release|Any CPU
		{EB23652D-C2CA-44CE-B644-C2424EBB46A7}.Debug|Any CPU.ActiveCfg = Debug|Any CPU
		{EB23652D-C2CA-44CE-B644-C2424EBB46A7}.Debug|Any CPU.Build.0 = Debug|Any CPU
		{EB23652D-C2CA-44CE-B644-C2424EBB46A7}.Release|Any CPU.ActiveCfg = Release|Any CPU
		{EB23652D-C2CA-44CE-B644-C2424EBB46A7}.Release|Any CPU.Build.0 = Release|Any CPU
		{951EB8F2-FCCD-448C-8884-4EF52C241FC1}.Debug|Any CPU.ActiveCfg = Debug|Any CPU
		{951EB8F2-FCCD-448C-8884-4EF52C241FC1}.Debug|Any CPU.Build.0 = Debug|Any CPU
		{951EB8F2-FCCD-448C-8884-4EF52C241FC1}.Release|Any CPU.ActiveCfg = Release|Any CPU
		{951EB8F2-FCCD-448C-8884-4EF52C241FC1}.Release|Any CPU.Build.0 = Release|Any CPU
		{176DDC48-B716-438F-8A6C-1AAB4FE36C40}.Debug|Any CPU.ActiveCfg = Debug|Any CPU
		{176DDC48-B716-438F-8A6C-1AAB4FE36C40}.Debug|Any CPU.Build.0 = Debug|Any CPU
		{176DDC48-B716-438F-8A6C-1AAB4FE36C40}.Release|Any CPU.ActiveCfg = Release|Any CPU
		{176DDC48-B716-438F-8A6C-1AAB4FE36C40}.Release|Any CPU.Build.0 = Release|Any CPU
		{DA500FBF-D6E5-4AA3-8026-A088763C8671}.Debug|Any CPU.ActiveCfg = Debug|Any CPU
		{DA500FBF-D6E5-4AA3-8026-A088763C8671}.Debug|Any CPU.Build.0 = Debug|Any CPU
		{DA500FBF-D6E5-4AA3-8026-A088763C8671}.Release|Any CPU.ActiveCfg = Release|Any CPU
		{DA500FBF-D6E5-4AA3-8026-A088763C8671}.Release|Any CPU.Build.0 = Release|Any CPU
		{28E6568B-0E3A-4F48-89A0-0BB708D951C6}.Debug|Any CPU.ActiveCfg = Debug|Any CPU
		{28E6568B-0E3A-4F48-89A0-0BB708D951C6}.Debug|Any CPU.Build.0 = Debug|Any CPU
		{28E6568B-0E3A-4F48-89A0-0BB708D951C6}.Release|Any CPU.ActiveCfg = Release|Any CPU
		{28E6568B-0E3A-4F48-89A0-0BB708D951C6}.Release|Any CPU.Build.0 = Release|Any CPU
		{F6753FA8-B749-4E65-AF2D-45AF67D327E4}.Debug|Any CPU.ActiveCfg = Debug|Any CPU
		{F6753FA8-B749-4E65-AF2D-45AF67D327E4}.Debug|Any CPU.Build.0 = Debug|Any CPU
		{F6753FA8-B749-4E65-AF2D-45AF67D327E4}.Release|Any CPU.ActiveCfg = Release|Any CPU
		{F6753FA8-B749-4E65-AF2D-45AF67D327E4}.Release|Any CPU.Build.0 = Release|Any CPU
		{11FC0B10-015E-4BE4-92F8-DF362C3E807B}.Debug|Any CPU.ActiveCfg = Debug|Any CPU
		{11FC0B10-015E-4BE4-92F8-DF362C3E807B}.Debug|Any CPU.Build.0 = Debug|Any CPU
		{11FC0B10-015E-4BE4-92F8-DF362C3E807B}.Release|Any CPU.ActiveCfg = Release|Any CPU
		{11FC0B10-015E-4BE4-92F8-DF362C3E807B}.Release|Any CPU.Build.0 = Release|Any CPU
		{EB40827D-C797-4D61-91AC-715CE8C5A0AA}.Debug|Any CPU.ActiveCfg = Debug|Any CPU
		{EB40827D-C797-4D61-91AC-715CE8C5A0AA}.Debug|Any CPU.Build.0 = Debug|Any CPU
		{EB40827D-C797-4D61-91AC-715CE8C5A0AA}.Release|Any CPU.ActiveCfg = Release|Any CPU
		{EB40827D-C797-4D61-91AC-715CE8C5A0AA}.Release|Any CPU.Build.0 = Release|Any CPU
		{40D9C37C-F15C-4909-AC55-86D8508FC771}.Debug|Any CPU.ActiveCfg = Debug|Any CPU
		{40D9C37C-F15C-4909-AC55-86D8508FC771}.Debug|Any CPU.Build.0 = Debug|Any CPU
		{40D9C37C-F15C-4909-AC55-86D8508FC771}.Release|Any CPU.ActiveCfg = Release|Any CPU
		{40D9C37C-F15C-4909-AC55-86D8508FC771}.Release|Any CPU.Build.0 = Release|Any CPU
		{8B4C1DC4-C097-46D4-B24B-3FAC482BEC18}.Debug|Any CPU.ActiveCfg = Debug|Any CPU
		{8B4C1DC4-C097-46D4-B24B-3FAC482BEC18}.Debug|Any CPU.Build.0 = Debug|Any CPU
		{8B4C1DC4-C097-46D4-B24B-3FAC482BEC18}.Release|Any CPU.ActiveCfg = Release|Any CPU
		{8B4C1DC4-C097-46D4-B24B-3FAC482BEC18}.Release|Any CPU.Build.0 = Release|Any CPU
		{244F7778-0C90-493A-9980-FA0D85DD7A2B}.Debug|Any CPU.ActiveCfg = Debug|Any CPU
		{244F7778-0C90-493A-9980-FA0D85DD7A2B}.Debug|Any CPU.Build.0 = Debug|Any CPU
		{244F7778-0C90-493A-9980-FA0D85DD7A2B}.Release|Any CPU.ActiveCfg = Release|Any CPU
		{244F7778-0C90-493A-9980-FA0D85DD7A2B}.Release|Any CPU.Build.0 = Release|Any CPU
		{386F78C2-3B4B-4B1C-A572-6819C41E4FA5}.Debug|Any CPU.ActiveCfg = Debug|Any CPU
		{386F78C2-3B4B-4B1C-A572-6819C41E4FA5}.Debug|Any CPU.Build.0 = Debug|Any CPU
		{386F78C2-3B4B-4B1C-A572-6819C41E4FA5}.Release|Any CPU.ActiveCfg = Release|Any CPU
		{386F78C2-3B4B-4B1C-A572-6819C41E4FA5}.Release|Any CPU.Build.0 = Release|Any CPU
		{1D7846D5-95BB-41C4-9A3F-BFD5858CAD77}.Debug|Any CPU.ActiveCfg = Debug|Any CPU
		{1D7846D5-95BB-41C4-9A3F-BFD5858CAD77}.Debug|Any CPU.Build.0 = Debug|Any CPU
		{1D7846D5-95BB-41C4-9A3F-BFD5858CAD77}.Release|Any CPU.ActiveCfg = Release|Any CPU
		{1D7846D5-95BB-41C4-9A3F-BFD5858CAD77}.Release|Any CPU.Build.0 = Release|Any CPU
		{FED16C5B-E670-4EEF-9355-657DC915DD45}.Debug|Any CPU.ActiveCfg = Debug|Any CPU
		{FED16C5B-E670-4EEF-9355-657DC915DD45}.Debug|Any CPU.Build.0 = Debug|Any CPU
		{FED16C5B-E670-4EEF-9355-657DC915DD45}.Release|Any CPU.ActiveCfg = Release|Any CPU
		{FED16C5B-E670-4EEF-9355-657DC915DD45}.Release|Any CPU.Build.0 = Release|Any CPU
		{E48F45FF-6B74-4E16-8901-8840A2542033}.Debug|Any CPU.ActiveCfg = Debug|Any CPU
		{E48F45FF-6B74-4E16-8901-8840A2542033}.Debug|Any CPU.Build.0 = Debug|Any CPU
		{E48F45FF-6B74-4E16-8901-8840A2542033}.Release|Any CPU.ActiveCfg = Release|Any CPU
		{E48F45FF-6B74-4E16-8901-8840A2542033}.Release|Any CPU.Build.0 = Release|Any CPU
		{CAA42AC4-D413-4A18-B820-6546B873E050}.Debug|Any CPU.ActiveCfg = Debug|Any CPU
		{CAA42AC4-D413-4A18-B820-6546B873E050}.Debug|Any CPU.Build.0 = Debug|Any CPU
		{CAA42AC4-D413-4A18-B820-6546B873E050}.Release|Any CPU.ActiveCfg = Release|Any CPU
		{CAA42AC4-D413-4A18-B820-6546B873E050}.Release|Any CPU.Build.0 = Release|Any CPU
		{7BA5A608-326E-47CD-8D89-659934901B97}.Debug|Any CPU.ActiveCfg = Debug|Any CPU
		{7BA5A608-326E-47CD-8D89-659934901B97}.Debug|Any CPU.Build.0 = Debug|Any CPU
		{7BA5A608-326E-47CD-8D89-659934901B97}.Release|Any CPU.ActiveCfg = Release|Any CPU
		{7BA5A608-326E-47CD-8D89-659934901B97}.Release|Any CPU.Build.0 = Release|Any CPU
		{D3E9A021-AF34-49EE-84BA-7BAD59EA946A}.Debug|Any CPU.ActiveCfg = Debug|Any CPU
		{D3E9A021-AF34-49EE-84BA-7BAD59EA946A}.Debug|Any CPU.Build.0 = Debug|Any CPU
		{D3E9A021-AF34-49EE-84BA-7BAD59EA946A}.Release|Any CPU.ActiveCfg = Release|Any CPU
		{D3E9A021-AF34-49EE-84BA-7BAD59EA946A}.Release|Any CPU.Build.0 = Release|Any CPU
	EndGlobalSection
	GlobalSection(SolutionProperties) = preSolution
		HideSolutionNode = FALSE
	EndGlobalSection
	GlobalSection(NestedProjects) = preSolution
		{B3011872-CC19-4E39-85FC-2F5CDDCA432C} = {40BD134E-47AC-426C-B492-D25A82B06B09}
		{9C6392C8-3269-49FB-97D2-6CB041CE28B9} = {FA27127D-05B0-498E-9B97-D704E206CE8D}
		{D6E9E0BE-E7E1-421A-91B5-4717128BA53C} = {742516F0-94ED-415E-8F7A-5CCE8BA23DF4}
		{DD56BA86-F1B7-4288-AA19-121B60E99727} = {742516F0-94ED-415E-8F7A-5CCE8BA23DF4}
		{DF42FC60-0328-4891-9E17-A84FCD1D5CD9} = {7DC1B2DD-24D9-4894-A0C0-36DA948AA0C2}
		{3AD7E764-5C99-4A0D-BCFA-EB4FAEBFB770} = {A6447149-5E72-4C09-B114-256CE624B2C3}
		{868FA4C0-14B6-4640-8EAE-8B1DB9279979} = {7DC1B2DD-24D9-4894-A0C0-36DA948AA0C2}
		{2F710709-D69A-455D-925C-ACA41D106E1E} = {A6447149-5E72-4C09-B114-256CE624B2C3}
		{1BB93F67-DA4F-41A7-A308-D5E925F881D1} = {B3011872-CC19-4E39-85FC-2F5CDDCA432C}
		{654C62A2-ED86-4953-916F-C1B36ECAA5CE} = {B3011872-CC19-4E39-85FC-2F5CDDCA432C}
		{09AB19E1-0374-4C73-9A26-6465FE9415EB} = {B3011872-CC19-4E39-85FC-2F5CDDCA432C}
		{8A5EBCE0-6B9E-4504-AF0E-A0E4992A8C06} = {9C6392C8-3269-49FB-97D2-6CB041CE28B9}
		{426E29E7-9255-4215-AF82-D36594A2F0CF} = {8A5EBCE0-6B9E-4504-AF0E-A0E4992A8C06}
		{CF94B090-8AD5-4D5F-A685-8F753EC39D21} = {8A5EBCE0-6B9E-4504-AF0E-A0E4992A8C06}
		{DB90FFC8-55DE-456C-B1FD-5FE0267F8BD2} = {9C6392C8-3269-49FB-97D2-6CB041CE28B9}
		{DA8CCEFB-C042-4907-A8FF-3D75FD9A213F} = {DB90FFC8-55DE-456C-B1FD-5FE0267F8BD2}
		{D4B911C6-D4A3-4A20-AA58-F9BC90034F1B} = {DB90FFC8-55DE-456C-B1FD-5FE0267F8BD2}
		{9B888594-1914-4FAE-AB64-782F35242832} = {8A5EBCE0-6B9E-4504-AF0E-A0E4992A8C06}
		{3A4F034F-1395-451B-A089-C66D24AFBCBB} = {FA27127D-05B0-498E-9B97-D704E206CE8D}
		{03663311-6355-4E0C-9101-C162215A41B1} = {3A4F034F-1395-451B-A089-C66D24AFBCBB}
		{28DA2C26-A602-450B-9793-8817CD25BDBE} = {3A4F034F-1395-451B-A089-C66D24AFBCBB}
		{D9C1083F-A3AC-4043-8958-872F069DBE3E} = {FA27127D-05B0-498E-9B97-D704E206CE8D}
		{EB23652D-C2CA-44CE-B644-C2424EBB46A7} = {A6447149-5E72-4C09-B114-256CE624B2C3}
		{951EB8F2-FCCD-448C-8884-4EF52C241FC1} = {DB90FFC8-55DE-456C-B1FD-5FE0267F8BD2}
		{176DDC48-B716-438F-8A6C-1AAB4FE36C40} = {A6447149-5E72-4C09-B114-256CE624B2C3}
		{294882D8-8A9F-494D-8834-DC9E5E30DA09} = {9C6392C8-3269-49FB-97D2-6CB041CE28B9}
		{DA500FBF-D6E5-4AA3-8026-A088763C8671} = {294882D8-8A9F-494D-8834-DC9E5E30DA09}
		{4D46611F-187B-4F7B-9C48-5A176E6F415C} = {9C6392C8-3269-49FB-97D2-6CB041CE28B9}
		{28E6568B-0E3A-4F48-89A0-0BB708D951C6} = {8A5EBCE0-6B9E-4504-AF0E-A0E4992A8C06}
		{F6753FA8-B749-4E65-AF2D-45AF67D327E4} = {4D46611F-187B-4F7B-9C48-5A176E6F415C}
		{11FC0B10-015E-4BE4-92F8-DF362C3E807B} = {4D46611F-187B-4F7B-9C48-5A176E6F415C}
		{EB40827D-C797-4D61-91AC-715CE8C5A0AA} = {4D46611F-187B-4F7B-9C48-5A176E6F415C}
		{B6493688-A99D-4AA0-A050-F086BFFCADA9} = {40BD134E-47AC-426C-B492-D25A82B06B09}
		{40D9C37C-F15C-4909-AC55-86D8508FC771} = {B6493688-A99D-4AA0-A050-F086BFFCADA9}
		{8B4C1DC4-C097-46D4-B24B-3FAC482BEC18} = {B3011872-CC19-4E39-85FC-2F5CDDCA432C}
		{244F7778-0C90-493A-9980-FA0D85DD7A2B} = {B3011872-CC19-4E39-85FC-2F5CDDCA432C}
		{A6447149-5E72-4C09-B114-256CE624B2C3} = {D9C1083F-A3AC-4043-8958-872F069DBE3E}
		{7DC1B2DD-24D9-4894-A0C0-36DA948AA0C2} = {D9C1083F-A3AC-4043-8958-872F069DBE3E}
		{742516F0-94ED-415E-8F7A-5CCE8BA23DF4} = {D9C1083F-A3AC-4043-8958-872F069DBE3E}
		{4A48E7C2-DBAE-48CE-840E-70BE6AA6BB5B} = {D9C1083F-A3AC-4043-8958-872F069DBE3E}
		{386F78C2-3B4B-4B1C-A572-6819C41E4FA5} = {4A48E7C2-DBAE-48CE-840E-70BE6AA6BB5B}
		{1D7846D5-95BB-41C4-9A3F-BFD5858CAD77} = {4A48E7C2-DBAE-48CE-840E-70BE6AA6BB5B}
		{FED16C5B-E670-4EEF-9355-657DC915DD45} = {4A48E7C2-DBAE-48CE-840E-70BE6AA6BB5B}
		{E48F45FF-6B74-4E16-8901-8840A2542033} = {4A48E7C2-DBAE-48CE-840E-70BE6AA6BB5B}
		{CAA42AC4-D413-4A18-B820-6546B873E050} = {B6493688-A99D-4AA0-A050-F086BFFCADA9}
		{7BA5A608-326E-47CD-8D89-659934901B97} = {B6493688-A99D-4AA0-A050-F086BFFCADA9}
		{D3E9A021-AF34-49EE-84BA-7BAD59EA946A} = {2AC5D1CA-B35F-4F7F-84FB-751CF4DD80AD}
	EndGlobalSection
EndGlobal
