
Microsoft Visual Studio Solution File, Format Version 12.00
# Visual Studio Version 17
VisualStudioVersion = 17.12.35527.113
MinimumVisualStudioVersion = 10.0.40219.1
Project("{2150E333-8FDC-42A3-9474-1A3956D46DE8}") = "SkySoftInfrastructure", "SkySoftInfrastructure", "{FA27127D-05B0-498E-9B97-D704E206CE8D}"
EndProject
Project("{2150E333-8FDC-42A3-9474-1A3956D46DE8}") = "UseCases", "UseCases", "{40BD134E-47AC-426C-B492-D25A82B06B09}"
EndProject
Project("{2150E333-8FDC-42A3-9474-1A3956D46DE8}") = "Application", "Application", "{2AC5D1CA-B35F-4F7F-84FB-751CF4DD80AD}"
EndProject
Project("{2150E333-8FDC-42A3-9474-1A3956D46DE8}") = "UseCases", "UseCases", "{9C6392C8-3269-49FB-97D2-6CB041CE28B9}"
EndProject
Project("{2150E333-8FDC-42A3-9474-1A3956D46DE8}") = "SkySoft.DnsServer", "SkySoft.DnsServer", "{0B9D6971-C338-4E3B-B736-61E3CD3824CB}"
EndProject
Project("{FAE04EC0-301F-11D3-BF4B-00C04F79EFBC}") = "SkySoft.Contracts", "..\SkySoftFramework\SkySoft.Contracts\SkySoft.Contracts.csproj", "{D6E9E0BE-E7E1-421A-91B5-4717128BA53C}"
EndProject
Project("{FAE04EC0-301F-11D3-BF4B-00C04F79EFBC}") = "SkySoft.Core", "..\SkySoftFramework\SkySoft.Core\SkySoft.Core.csproj", "{DD56BA86-F1B7-4288-AA19-121B60E99727}"
EndProject
Project("{FAE04EC0-301F-11D3-BF4B-00C04F79EFBC}") = "SkySoft.ICommunication", "..\SkySoftFramework\SkySoft.ICommunication\SkySoft.ICommunication.csproj", "{DF42FC60-0328-4891-9E17-A84FCD1D5CD9}"
EndProject
Project("{FAE04EC0-301F-11D3-BF4B-00C04F79EFBC}") = "SkySoft.IBPPApplication", "..\SkySoftFramework\SkySoft.IBPPApplication\SkySoft.IBPPApplication.csproj", "{3AD7E764-5C99-4A0D-BCFA-EB4FAEBFB770}"
EndProject
Project("{FAE04EC0-301F-11D3-BF4B-00C04F79EFBC}") = "SkySoft.Communication", "..\SkySoftFramework\SkySoft.Communication\SkySoft.Communication.csproj", "{868FA4C0-14B6-4640-8EAE-8B1DB9279979}"
EndProject
Project("{FAE04EC0-301F-11D3-BF4B-00C04F79EFBC}") = "SkySoft.BPPApplication", "..\SkySoftFramework\SkySoft.BPPApplication\SkySoft.BPPApplication.csproj", "{2F710709-D69A-455D-925C-ACA41D106E1E}"
EndProject
Project("{FAE04EC0-301F-11D3-BF4B-00C04F79EFBC}") = "SkySoft.Net.Http", "..\SkySoftFramework\SkySoft.Net.Http\SkySoft.Net.Http.csproj", "{99039EDB-4F17-4656-8BB1-66640852F86F}"
EndProject
Project("{FAE04EC0-301F-11D3-BF4B-00C04F79EFBC}") = "SkySoft.DnsServer.CON", "..\SkySoftFramework\SkySoft.DnsServer.CON\SkySoft.DnsServer.CON.csproj", "{B1BBD29B-5095-4144-A72C-D188368A9636}"
EndProject
Project("{FAE04EC0-301F-11D3-BF4B-00C04F79EFBC}") = "SkySoft.DnsServer.DTI", "..\SkySoftFramework\SkySoft.DnsServer.DTI\SkySoft.DnsServer.DTI.csproj", "{DB2BFC17-92EB-4015-B136-F85818459426}"
EndProject
Project("{FAE04EC0-301F-11D3-BF4B-00C04F79EFBC}") = "SkySoft.DnsServer.DTO", "..\SkySoftFramework\SkySoft.DnsServer.DTO\SkySoft.DnsServer.DTO.csproj", "{A7305618-4EC4-4BFB-AB54-7CA36526B79F}"
EndProject
Project("{FAE04EC0-301F-11D3-BF4B-00C04F79EFBC}") = "BPP.Person.DPLAPI", "..\BPPUseCases\BPP.Person.DPLAPI\BPP.Person.DPLAPI.csproj", "{1376E64D-FF91-4F04-A9BB-441FA82667EF}"
EndProject
Project("{2150E333-8FDC-42A3-9474-1A3956D46DE8}") = "SkySoft.APIHost", "SkySoft.APIHost", "{B5E7A37D-6884-42CA-8F77-28B194C19D29}"
EndProject
Project("{FAE04EC0-301F-11D3-BF4B-00C04F79EFBC}") = "SkySoft.APIHost.DPL", "..\SkySoftFramework\SkySoft.APIHost.DPL\SkySoft.APIHost.DPL.csproj", "{72DE39B9-D5A6-4188-8E04-158C1E304865}"
EndProject
Project("{FAE04EC0-301F-11D3-BF4B-00C04F79EFBC}") = "SkySoft.APIHost.CON", "..\SkySoftFramework\SkySoft.APIHost.CON\SkySoft.APIHost.CON.csproj", "{614918FB-3C63-4B3B-82D2-24404D5C434B}"
EndProject
Project("{FAE04EC0-301F-11D3-BF4B-00C04F79EFBC}") = "SkySoft.DnsServer.DAL", "..\SkySoftFramework\SkySoft.DnsServer.DAL\SkySoft.DnsServer.DAL.csproj", "{9B3D376E-66D4-44D2-9FC8-B66051FA006F}"
EndProject
Project("{FAE04EC0-301F-11D3-BF4B-00C04F79EFBC}") = "SkySoft.APIHost.DAL", "..\SkySoftFramework\SkySoft.APIHost.DAL\SkySoft.APIHost.DAL.csproj", "{625091AD-4393-4D03-A057-2F92EA99F498}"
EndProject
Project("{FAE04EC0-301F-11D3-BF4B-00C04F79EFBC}") = "SkySoft.DnsServer.CFG", "..\SkySoftFramework\SkySoft.DnsServer.CFG\SkySoft.DnsServer.CFG.csproj", "{CB71AB95-2260-4745-B442-DC42DEADAE9C}"
EndProject
Project("{FAE04EC0-301F-11D3-BF4B-00C04F79EFBC}") = "SkySoft.APIHost.INT", "..\SkySoftFramework\SkySoft.APIHost.INT\SkySoft.APIHost.INT.csproj", "{AC0B4F44-B6A0-411D-97E5-A1CD21A2AF0F}"
EndProject
Project("{FAE04EC0-301F-11D3-BF4B-00C04F79EFBC}") = "BPP.Person.DTI", "..\BPPUseCases\BPP.Person.DTI\BPP.Person.DTI.csproj", "{D175F06C-542E-4C62-9DEA-9064FCC819FE}"
EndProject
Project("{FAE04EC0-301F-11D3-BF4B-00C04F79EFBC}") = "BPP.Person.DTO", "..\BPPUseCases\BPP.Person.DTO\BPP.Person.DTO.csproj", "{69507E28-E71B-4E84-A468-8CF51E785958}"
EndProject
Project("{FAE04EC0-301F-11D3-BF4B-00C04F79EFBC}") = "BPP.Person.CON", "..\BPPUseCases\BPP.Person.CON\BPP.Person.CON.csproj", "{13FC4983-EFC2-4F95-9592-D1BADE12B973}"
EndProject
Project("{FAE04EC0-301F-11D3-BF4B-00C04F79EFBC}") = "BPP.Person.DAL", "..\BPPUseCases\BPP.Person.DAL\BPP.Person.DAL.csproj", "{E01F55EC-1FB8-4A87-A13E-77724979D7A8}"
EndProject
Project("{FAE04EC0-301F-11D3-BF4B-00C04F79EFBC}") = "BPP.Person.DPL", "..\BPPUseCases\BPP.Person.DPL\BPP.Person.DPL.csproj", "{086DE6E7-A3E3-415A-9986-1037F0F9B67D}"
EndProject
Project("{FAE04EC0-301F-11D3-BF4B-00C04F79EFBC}") = "BPP.Person.DPLCFG", "..\BPPUseCases\BPP.Person.DPLCFG\BPP.Person.DPLCFG.csproj", "{4DBD4321-C1A7-4D9A-8AB5-F8D7A3CDB65B}"
EndProject
Global
	GlobalSection(SolutionConfigurationPlatforms) = preSolution
		Debug|Any CPU = Debug|Any CPU
		Release|Any CPU = Release|Any CPU
	EndGlobalSection
	GlobalSection(ProjectConfigurationPlatforms) = postSolution
		{D6E9E0BE-E7E1-421A-91B5-4717128BA53C}.Debug|Any CPU.ActiveCfg = Debug|Any CPU
		{D6E9E0BE-E7E1-421A-91B5-4717128BA53C}.Debug|Any CPU.Build.0 = Debug|Any CPU
		{D6E9E0BE-E7E1-421A-91B5-4717128BA53C}.Release|Any CPU.ActiveCfg = Release|Any CPU
		{D6E9E0BE-E7E1-421A-91B5-4717128BA53C}.Release|Any CPU.Build.0 = Release|Any CPU
		{DD56BA86-F1B7-4288-AA19-121B60E99727}.Debug|Any CPU.ActiveCfg = Debug|Any CPU
		{DD56BA86-F1B7-4288-AA19-121B60E99727}.Debug|Any CPU.Build.0 = Debug|Any CPU
		{DD56BA86-F1B7-4288-AA19-121B60E99727}.Release|Any CPU.ActiveCfg = Release|Any CPU
		{DD56BA86-F1B7-4288-AA19-121B60E99727}.Release|Any CPU.Build.0 = Release|Any CPU
		{DF42FC60-0328-4891-9E17-A84FCD1D5CD9}.Debug|Any CPU.ActiveCfg = Debug|Any CPU
		{DF42FC60-0328-4891-9E17-A84FCD1D5CD9}.Debug|Any CPU.Build.0 = Debug|Any CPU
		{DF42FC60-0328-4891-9E17-A84FCD1D5CD9}.Release|Any CPU.ActiveCfg = Release|Any CPU
		{DF42FC60-0328-4891-9E17-A84FCD1D5CD9}.Release|Any CPU.Build.0 = Release|Any CPU
		{3AD7E764-5C99-4A0D-BCFA-EB4FAEBFB770}.Debug|Any CPU.ActiveCfg = Debug|Any CPU
		{3AD7E764-5C99-4A0D-BCFA-EB4FAEBFB770}.Debug|Any CPU.Build.0 = Debug|Any CPU
		{3AD7E764-5C99-4A0D-BCFA-EB4FAEBFB770}.Release|Any CPU.ActiveCfg = Release|Any CPU
		{3AD7E764-5C99-4A0D-BCFA-EB4FAEBFB770}.Release|Any CPU.Build.0 = Release|Any CPU
		{868FA4C0-14B6-4640-8EAE-8B1DB9279979}.Debug|Any CPU.ActiveCfg = Debug|Any CPU
		{868FA4C0-14B6-4640-8EAE-8B1DB9279979}.Debug|Any CPU.Build.0 = Debug|Any CPU
		{868FA4C0-14B6-4640-8EAE-8B1DB9279979}.Release|Any CPU.ActiveCfg = Release|Any CPU
		{868FA4C0-14B6-4640-8EAE-8B1DB9279979}.Release|Any CPU.Build.0 = Release|Any CPU
		{2F710709-D69A-455D-925C-ACA41D106E1E}.Debug|Any CPU.ActiveCfg = Debug|Any CPU
		{2F710709-D69A-455D-925C-ACA41D106E1E}.Debug|Any CPU.Build.0 = Debug|Any CPU
		{2F710709-D69A-455D-925C-ACA41D106E1E}.Release|Any CPU.ActiveCfg = Release|Any CPU
		{2F710709-D69A-455D-925C-ACA41D106E1E}.Release|Any CPU.Build.0 = Release|Any CPU
		{99039EDB-4F17-4656-8BB1-66640852F86F}.Debug|Any CPU.ActiveCfg = Debug|Any CPU
		{99039EDB-4F17-4656-8BB1-66640852F86F}.Debug|Any CPU.Build.0 = Debug|Any CPU
		{99039EDB-4F17-4656-8BB1-66640852F86F}.Release|Any CPU.ActiveCfg = Release|Any CPU
		{99039EDB-4F17-4656-8BB1-66640852F86F}.Release|Any CPU.Build.0 = Release|Any CPU
		{B1BBD29B-5095-4144-A72C-D188368A9636}.Debug|Any CPU.ActiveCfg = Debug|Any CPU
		{B1BBD29B-5095-4144-A72C-D188368A9636}.Debug|Any CPU.Build.0 = Debug|Any CPU
		{B1BBD29B-5095-4144-A72C-D188368A9636}.Release|Any CPU.ActiveCfg = Release|Any CPU
		{B1BBD29B-5095-4144-A72C-D188368A9636}.Release|Any CPU.Build.0 = Release|Any CPU
		{DB2BFC17-92EB-4015-B136-F85818459426}.Debug|Any CPU.ActiveCfg = Debug|Any CPU
		{DB2BFC17-92EB-4015-B136-F85818459426}.Debug|Any CPU.Build.0 = Debug|Any CPU
		{DB2BFC17-92EB-4015-B136-F85818459426}.Release|Any CPU.ActiveCfg = Release|Any CPU
		{DB2BFC17-92EB-4015-B136-F85818459426}.Release|Any CPU.Build.0 = Release|Any CPU
		{A7305618-4EC4-4BFB-AB54-7CA36526B79F}.Debug|Any CPU.ActiveCfg = Debug|Any CPU
		{A7305618-4EC4-4BFB-AB54-7CA36526B79F}.Debug|Any CPU.Build.0 = Debug|Any CPU
		{A7305618-4EC4-4BFB-AB54-7CA36526B79F}.Release|Any CPU.ActiveCfg = Release|Any CPU
		{A7305618-4EC4-4BFB-AB54-7CA36526B79F}.Release|Any CPU.Build.0 = Release|Any CPU
		{1376E64D-FF91-4F04-A9BB-441FA82667EF}.Debug|Any CPU.ActiveCfg = Debug|Any CPU
		{1376E64D-FF91-4F04-A9BB-441FA82667EF}.Debug|Any CPU.Build.0 = Debug|Any CPU
		{1376E64D-FF91-4F04-A9BB-441FA82667EF}.Release|Any CPU.ActiveCfg = Release|Any CPU
		{1376E64D-FF91-4F04-A9BB-441FA82667EF}.Release|Any CPU.Build.0 = Release|Any CPU
		{72DE39B9-D5A6-4188-8E04-158C1E304865}.Debug|Any CPU.ActiveCfg = Debug|Any CPU
		{72DE39B9-D5A6-4188-8E04-158C1E304865}.Debug|Any CPU.Build.0 = Debug|Any CPU
		{72DE39B9-D5A6-4188-8E04-158C1E304865}.Release|Any CPU.ActiveCfg = Release|Any CPU
		{72DE39B9-D5A6-4188-8E04-158C1E304865}.Release|Any CPU.Build.0 = Release|Any CPU
		{614918FB-3C63-4B3B-82D2-24404D5C434B}.Debug|Any CPU.ActiveCfg = Debug|Any CPU
		{614918FB-3C63-4B3B-82D2-24404D5C434B}.Debug|Any CPU.Build.0 = Debug|Any CPU
		{614918FB-3C63-4B3B-82D2-24404D5C434B}.Release|Any CPU.ActiveCfg = Release|Any CPU
		{614918FB-3C63-4B3B-82D2-24404D5C434B}.Release|Any CPU.Build.0 = Release|Any CPU
		{9B3D376E-66D4-44D2-9FC8-B66051FA006F}.Debug|Any CPU.ActiveCfg = Debug|Any CPU
		{9B3D376E-66D4-44D2-9FC8-B66051FA006F}.Debug|Any CPU.Build.0 = Debug|Any CPU
		{9B3D376E-66D4-44D2-9FC8-B66051FA006F}.Release|Any CPU.ActiveCfg = Release|Any CPU
		{9B3D376E-66D4-44D2-9FC8-B66051FA006F}.Release|Any CPU.Build.0 = Release|Any CPU
		{625091AD-4393-4D03-A057-2F92EA99F498}.Debug|Any CPU.ActiveCfg = Debug|Any CPU
		{625091AD-4393-4D03-A057-2F92EA99F498}.Debug|Any CPU.Build.0 = Debug|Any CPU
		{625091AD-4393-4D03-A057-2F92EA99F498}.Release|Any CPU.ActiveCfg = Release|Any CPU
		{625091AD-4393-4D03-A057-2F92EA99F498}.Release|Any CPU.Build.0 = Release|Any CPU
		{CB71AB95-2260-4745-B442-DC42DEADAE9C}.Debug|Any CPU.ActiveCfg = Debug|Any CPU
		{CB71AB95-2260-4745-B442-DC42DEADAE9C}.Debug|Any CPU.Build.0 = Debug|Any CPU
		{CB71AB95-2260-4745-B442-DC42DEADAE9C}.Release|Any CPU.ActiveCfg = Release|Any CPU
		{CB71AB95-2260-4745-B442-DC42DEADAE9C}.Release|Any CPU.Build.0 = Release|Any CPU
		{AC0B4F44-B6A0-411D-97E5-A1CD21A2AF0F}.Debug|Any CPU.ActiveCfg = Debug|Any CPU
		{AC0B4F44-B6A0-411D-97E5-A1CD21A2AF0F}.Debug|Any CPU.Build.0 = Debug|Any CPU
		{AC0B4F44-B6A0-411D-97E5-A1CD21A2AF0F}.Release|Any CPU.ActiveCfg = Release|Any CPU
		{AC0B4F44-B6A0-411D-97E5-A1CD21A2AF0F}.Release|Any CPU.Build.0 = Release|Any CPU
		{D175F06C-542E-4C62-9DEA-9064FCC819FE}.Debug|Any CPU.ActiveCfg = Debug|Any CPU
		{D175F06C-542E-4C62-9DEA-9064FCC819FE}.Debug|Any CPU.Build.0 = Debug|Any CPU
		{D175F06C-542E-4C62-9DEA-9064FCC819FE}.Release|Any CPU.ActiveCfg = Release|Any CPU
		{D175F06C-542E-4C62-9DEA-9064FCC819FE}.Release|Any CPU.Build.0 = Release|Any CPU
		{69507E28-E71B-4E84-A468-8CF51E785958}.Debug|Any CPU.ActiveCfg = Debug|Any CPU
		{69507E28-E71B-4E84-A468-8CF51E785958}.Debug|Any CPU.Build.0 = Debug|Any CPU
		{69507E28-E71B-4E84-A468-8CF51E785958}.Release|Any CPU.ActiveCfg = Release|Any CPU
		{69507E28-E71B-4E84-A468-8CF51E785958}.Release|Any CPU.Build.0 = Release|Any CPU
		{13FC4983-EFC2-4F95-9592-D1BADE12B973}.Debug|Any CPU.ActiveCfg = Debug|Any CPU
		{13FC4983-EFC2-4F95-9592-D1BADE12B973}.Debug|Any CPU.Build.0 = Debug|Any CPU
		{13FC4983-EFC2-4F95-9592-D1BADE12B973}.Release|Any CPU.ActiveCfg = Release|Any CPU
		{13FC4983-EFC2-4F95-9592-D1BADE12B973}.Release|Any CPU.Build.0 = Release|Any CPU
		{E01F55EC-1FB8-4A87-A13E-77724979D7A8}.Debug|Any CPU.ActiveCfg = Debug|Any CPU
		{E01F55EC-1FB8-4A87-A13E-77724979D7A8}.Debug|Any CPU.Build.0 = Debug|Any CPU
		{E01F55EC-1FB8-4A87-A13E-77724979D7A8}.Release|Any CPU.ActiveCfg = Release|Any CPU
		{E01F55EC-1FB8-4A87-A13E-77724979D7A8}.Release|Any CPU.Build.0 = Release|Any CPU
		{086DE6E7-A3E3-415A-9986-1037F0F9B67D}.Debug|Any CPU.ActiveCfg = Debug|Any CPU
		{086DE6E7-A3E3-415A-9986-1037F0F9B67D}.Debug|Any CPU.Build.0 = Debug|Any CPU
		{086DE6E7-A3E3-415A-9986-1037F0F9B67D}.Release|Any CPU.ActiveCfg = Release|Any CPU
		{086DE6E7-A3E3-415A-9986-1037F0F9B67D}.Release|Any CPU.Build.0 = Release|Any CPU
		{4DBD4321-C1A7-4D9A-8AB5-F8D7A3CDB65B}.Debug|Any CPU.ActiveCfg = Debug|Any CPU
		{4DBD4321-C1A7-4D9A-8AB5-F8D7A3CDB65B}.Debug|Any CPU.Build.0 = Debug|Any CPU
		{4DBD4321-C1A7-4D9A-8AB5-F8D7A3CDB65B}.Release|Any CPU.ActiveCfg = Release|Any CPU
		{4DBD4321-C1A7-4D9A-8AB5-F8D7A3CDB65B}.Release|Any CPU.Build.0 = Release|Any CPU
	EndGlobalSection
	GlobalSection(SolutionProperties) = preSolution
		HideSolutionNode = FALSE
	EndGlobalSection
	GlobalSection(NestedProjects) = preSolution
		{9C6392C8-3269-49FB-97D2-6CB041CE28B9} = {FA27127D-05B0-498E-9B97-D704E206CE8D}
		{0B9D6971-C338-4E3B-B736-61E3CD3824CB} = {9C6392C8-3269-49FB-97D2-6CB041CE28B9}
		{D6E9E0BE-E7E1-421A-91B5-4717128BA53C} = {FA27127D-05B0-498E-9B97-D704E206CE8D}
		{DD56BA86-F1B7-4288-AA19-121B60E99727} = {FA27127D-05B0-498E-9B97-D704E206CE8D}
		{DF42FC60-0328-4891-9E17-A84FCD1D5CD9} = {FA27127D-05B0-498E-9B97-D704E206CE8D}
		{3AD7E764-5C99-4A0D-BCFA-EB4FAEBFB770} = {FA27127D-05B0-498E-9B97-D704E206CE8D}
		{868FA4C0-14B6-4640-8EAE-8B1DB9279979} = {FA27127D-05B0-498E-9B97-D704E206CE8D}
		{2F710709-D69A-455D-925C-ACA41D106E1E} = {FA27127D-05B0-498E-9B97-D704E206CE8D}
		{99039EDB-4F17-4656-8BB1-66640852F86F} = {FA27127D-05B0-498E-9B97-D704E206CE8D}
		{B1BBD29B-5095-4144-A72C-D188368A9636} = {0B9D6971-C338-4E3B-B736-61E3CD3824CB}
		{DB2BFC17-92EB-4015-B136-F85818459426} = {0B9D6971-C338-4E3B-B736-61E3CD3824CB}
		{A7305618-4EC4-4BFB-AB54-7CA36526B79F} = {0B9D6971-C338-4E3B-B736-61E3CD3824CB}
		{1376E64D-FF91-4F04-A9BB-441FA82667EF} = {2AC5D1CA-B35F-4F7F-84FB-751CF4DD80AD}
		{B5E7A37D-6884-42CA-8F77-28B194C19D29} = {9C6392C8-3269-49FB-97D2-6CB041CE28B9}
		{72DE39B9-D5A6-4188-8E04-158C1E304865} = {B5E7A37D-6884-42CA-8F77-28B194C19D29}
		{614918FB-3C63-4B3B-82D2-24404D5C434B} = {B5E7A37D-6884-42CA-8F77-28B194C19D29}
		{9B3D376E-66D4-44D2-9FC8-B66051FA006F} = {0B9D6971-C338-4E3B-B736-61E3CD3824CB}
		{625091AD-4393-4D03-A057-2F92EA99F498} = {B5E7A37D-6884-42CA-8F77-28B194C19D29}
		{CB71AB95-2260-4745-B442-DC42DEADAE9C} = {0B9D6971-C338-4E3B-B736-61E3CD3824CB}
		{AC0B4F44-B6A0-411D-97E5-A1CD21A2AF0F} = {B5E7A37D-6884-42CA-8F77-28B194C19D29}
		{D175F06C-542E-4C62-9DEA-9064FCC819FE} = {40BD134E-47AC-426C-B492-D25A82B06B09}
		{69507E28-E71B-4E84-A468-8CF51E785958} = {40BD134E-47AC-426C-B492-D25A82B06B09}
		{13FC4983-EFC2-4F95-9592-D1BADE12B973} = {40BD134E-47AC-426C-B492-D25A82B06B09}
		{E01F55EC-1FB8-4A87-A13E-77724979D7A8} = {40BD134E-47AC-426C-B492-D25A82B06B09}
		{086DE6E7-A3E3-415A-9986-1037F0F9B67D} = {40BD134E-47AC-426C-B492-D25A82B06B09}
		{4DBD4321-C1A7-4D9A-8AB5-F8D7A3CDB65B} = {40BD134E-47AC-426C-B492-D25A82B06B09}
	EndGlobalSection
EndGlobal
