
Microsoft Visual Studio Solution File, Format Version 12.00
# Visual Studio Version 17
VisualStudioVersion = 17.12.35527.113
MinimumVisualStudioVersion = 10.0.40219.1
Project("{2150E333-8FDC-42A3-9474-1A3956D46DE8}") = "SkySoftInfrastructure", "SkySoftInfrastructure", "{FA27127D-05B0-498E-9B97-D704E206CE8D}"
EndProject
Project("{2150E333-8FDC-42A3-9474-1A3956D46DE8}") = "UseCases", "UseCases", "{40BD134E-47AC-426C-B492-D25A82B06B09}"
EndProject
Project("{2150E333-8FDC-42A3-9474-1A3956D46DE8}") = "BPP.Person", "BPP.Person", "{B3011872-CC19-4E39-85FC-2F5CDDCA432C}"
EndProject
Project("{2150E333-8FDC-42A3-9474-1A3956D46DE8}") = "Application", "Application", "{2AC5D1CA-B35F-4F7F-84FB-751CF4DD80AD}"
EndProject
Project("{2150E333-8FDC-42A3-9474-1A3956D46DE8}") = "UseCases", "UseCases", "{9C6392C8-3269-49FB-97D2-6CB041CE28B9}"
EndProject
Project("{2150E333-8FDC-42A3-9474-1A3956D46DE8}") = "SkySoft.DnsServer", "SkySoft.DnsServer", "{0B9D6971-C338-4E3B-B736-61E3CD3824CB}"
EndProject
Project("{FAE04EC0-301F-11D3-BF4B-00C04F79EFBC}") = "SkySoft.Contracts", "..\SkySoftFramework\SkySoft.Contracts\SkySoft.Contracts.csproj", "{D6E9E0BE-E7E1-421A-91B5-4717128BA53C}"
EndProject
Project("{FAE04EC0-301F-11D3-BF4B-00C04F79EFBC}") = "SkySoft.Core", "..\SkySoftFramework\SkySoft.Core\SkySoft.Core.csproj", "{DD56BA86-F1B7-4288-AA19-121B60E99727}"
EndProject
Project("{FAE04EC0-301F-11D3-BF4B-00C04F79EFBC}") = "SkySoft.ICommunication", "..\SkySoftFramework\SkySoft.ICommunication\SkySoft.ICommunication.csproj", "{DF42FC60-0328-4891-9E17-A84FCD1D5CD9}"
EndProject
Project("{FAE04EC0-301F-11D3-BF4B-00C04F79EFBC}") = "SkySoft.IBPPApplication", "..\SkySoftFramework\SkySoft.IBPPApplication\SkySoft.IBPPApplication.csproj", "{3AD7E764-5C99-4A0D-BCFA-EB4FAEBFB770}"
EndProject
Project("{FAE04EC0-301F-11D3-BF4B-00C04F79EFBC}") = "SkySoft.Communication", "..\SkySoftFramework\SkySoft.Communication\SkySoft.Communication.csproj", "{868FA4C0-14B6-4640-8EAE-8B1DB9279979}"
EndProject
Project("{FAE04EC0-301F-11D3-BF4B-00C04F79EFBC}") = "SkySoft.BPPApplication", "..\SkySoftFramework\SkySoft.BPPApplication\SkySoft.BPPApplication.csproj", "{2F710709-D69A-455D-925C-ACA41D106E1E}"
EndProject
Project("{FAE04EC0-301F-11D3-BF4B-00C04F79EFBC}") = "SkySoft.Net.Http", "..\SkySoftFramework\SkySoft.Net.Http\SkySoft.Net.Http.csproj", "{99039EDB-4F17-4656-8BB1-66640852F86F}"
EndProject
Project("{FAE04EC0-301F-11D3-BF4B-00C04F79EFBC}") = "SkySoft.DnsServer.CON", "..\SkySoftFramework\SkySoft.DnsServer.CON\SkySoft.DnsServer.CON.csproj", "{B1BBD29B-5095-4144-A72C-D188368A9636}"
EndProject
Project("{FAE04EC0-301F-11D3-BF4B-00C04F79EFBC}") = "SkySoft.DnsServer.DTI", "..\SkySoftFramework\SkySoft.DnsServer.DTI\SkySoft.DnsServer.DTI.csproj", "{DB2BFC17-92EB-4015-B136-F85818459426}"
EndProject
Project("{FAE04EC0-301F-11D3-BF4B-00C04F79EFBC}") = "SkySoft.DnsServer.DTO", "..\SkySoftFramework\SkySoft.DnsServer.DTO\SkySoft.DnsServer.DTO.csproj", "{A7305618-4EC4-4BFB-AB54-7CA36526B79F}"
EndProject
Project("{FAE04EC0-301F-11D3-BF4B-00C04F79EFBC}") = "BPP.Person.CON", "..\BPPUseCases\BPP.Person.CON\BPP.Person.CON.csproj", "{1BB93F67-DA4F-41A7-A308-D5E925F881D1}"
EndProject
Project("{FAE04EC0-301F-11D3-BF4B-00C04F79EFBC}") = "BPP.Person.DTI", "..\BPPUseCases\BPP.Person.DTI\BPP.Person.DTI.csproj", "{654C62A2-ED86-4953-916F-C1B36ECAA5CE}"
EndProject
Project("{FAE04EC0-301F-11D3-BF4B-00C04F79EFBC}") = "BPP.Person.DTO", "..\BPPUseCases\BPP.Person.DTO\BPP.Person.DTO.csproj", "{09AB19E1-0374-4C73-9A26-6465FE9415EB}"
EndProject
Project("{FAE04EC0-301F-11D3-BF4B-00C04F79EFBC}") = "BPP.Person.DAL", "..\BPPUseCases\BPP.Person.DAL\BPP.Person.DAL.csproj", "{CE3CCB56-A893-4FC6-8296-E89E94F98D46}"
EndProject
Project("{FAE04EC0-301F-11D3-BF4B-00C04F79EFBC}") = "BPP.Person.DPL", "..\BPPUseCases\BPP.Person.DPL\BPP.Person.DPL.csproj", "{8B74B8B3-B720-4025-B52D-0B09D1048AE5}"
EndProject
Project("{FAE04EC0-301F-11D3-BF4B-00C04F79EFBC}") = "BPP.Person.BL", "..\BPPUseCases\BPP.Person.BL\BPP.Person.BL.csproj", "{D1541E5E-0BDA-48F0-8648-EF8F5F8D2293}"
EndProject
Project("{FAE04EC0-301F-11D3-BF4B-00C04F79EFBC}") = "BPP.Person.BLAPI", "..\BPPUseCases\BPP.Person.BLAPI\BPP.Person.BLAPI.csproj", "{BF6C60AC-2594-41DF-8B29-F8A470D8D942}"
EndProject
Project("{FAE04EC0-301F-11D3-BF4B-00C04F79EFBC}") = "SkySoft.DnsServer.DAL", "..\SkySoftFramework\SkySoft.DnsServer.DAL\SkySoft.DnsServer.DAL.csproj", "{2D4AE365-5CAF-493E-9678-E59114D8BC72}"
EndProject
Project("{FAE04EC0-301F-11D3-BF4B-00C04F79EFBC}") = "SkySoft.DnsServer.CFG", "..\SkySoftFramework\SkySoft.DnsServer.CFG\SkySoft.DnsServer.CFG.csproj", "{21018B17-4165-4EFD-B9E0-A8E032949371}"
EndProject
Project("{2150E333-8FDC-42A3-9474-1A3956D46DE8}") = "SkySoft.APIHost", "SkySoft.APIHost", "{A4705CEC-B295-4B8B-9F59-0416CEE73979}"
EndProject
Project("{FAE04EC0-301F-11D3-BF4B-00C04F79EFBC}") = "SkySoft.APIHost.CON", "..\SkySoftFramework\SkySoft.APIHost.CON\SkySoft.APIHost.CON.csproj", "{44F1EF96-151C-4759-9FF4-C34C0BF7C6CB}"
EndProject
Project("{FAE04EC0-301F-11D3-BF4B-00C04F79EFBC}") = "SkySoft.APIHost.INT", "..\SkySoftFramework\SkySoft.APIHost.INT\SkySoft.APIHost.INT.csproj", "{D71B6150-7DC2-4BC7-BD33-B8401BD2BBD5}"
EndProject
Project("{FAE04EC0-301F-11D3-BF4B-00C04F79EFBC}") = "SkySoft.APIHost.DAL", "..\SkySoftFramework\SkySoft.APIHost.DAL\SkySoft.APIHost.DAL.csproj", "{7C09B7C2-B00E-491D-BA09-0E4F161EEB87}"
EndProject
Project("{FAE04EC0-301F-11D3-BF4B-00C04F79EFBC}") = "SkySoft.APIHost.DPL", "..\SkySoftFramework\SkySoft.APIHost.DPL\SkySoft.APIHost.DPL.csproj", "{5B300D3A-CBF2-4AC4-A870-C84DE9DD38CF}"
EndProject
Project("{FAE04EC0-301F-11D3-BF4B-00C04F79EFBC}") = "BPP.Person.BLCFG", "..\BPPUseCases\BPP.Person.BLCFG\BPP.Person.BLCFG.csproj", "{3924B247-72CA-4AF9-9806-B89A5F29C5BC}"
EndProject
Global
	GlobalSection(SolutionConfigurationPlatforms) = preSolution
		Debug|Any CPU = Debug|Any CPU
		Release|Any CPU = Release|Any CPU
	EndGlobalSection
	GlobalSection(ProjectConfigurationPlatforms) = postSolution
		{D6E9E0BE-E7E1-421A-91B5-4717128BA53C}.Debug|Any CPU.ActiveCfg = Debug|Any CPU
		{D6E9E0BE-E7E1-421A-91B5-4717128BA53C}.Debug|Any CPU.Build.0 = Debug|Any CPU
		{D6E9E0BE-E7E1-421A-91B5-4717128BA53C}.Release|Any CPU.ActiveCfg = Release|Any CPU
		{D6E9E0BE-E7E1-421A-91B5-4717128BA53C}.Release|Any CPU.Build.0 = Release|Any CPU
		{DD56BA86-F1B7-4288-AA19-121B60E99727}.Debug|Any CPU.ActiveCfg = Debug|Any CPU
		{DD56BA86-F1B7-4288-AA19-121B60E99727}.Debug|Any CPU.Build.0 = Debug|Any CPU
		{DD56BA86-F1B7-4288-AA19-121B60E99727}.Release|Any CPU.ActiveCfg = Release|Any CPU
		{DD56BA86-F1B7-4288-AA19-121B60E99727}.Release|Any CPU.Build.0 = Release|Any CPU
		{DF42FC60-0328-4891-9E17-A84FCD1D5CD9}.Debug|Any CPU.ActiveCfg = Debug|Any CPU
		{DF42FC60-0328-4891-9E17-A84FCD1D5CD9}.Debug|Any CPU.Build.0 = Debug|Any CPU
		{DF42FC60-0328-4891-9E17-A84FCD1D5CD9}.Release|Any CPU.ActiveCfg = Release|Any CPU
		{DF42FC60-0328-4891-9E17-A84FCD1D5CD9}.Release|Any CPU.Build.0 = Release|Any CPU
		{3AD7E764-5C99-4A0D-BCFA-EB4FAEBFB770}.Debug|Any CPU.ActiveCfg = Debug|Any CPU
		{3AD7E764-5C99-4A0D-BCFA-EB4FAEBFB770}.Debug|Any CPU.Build.0 = Debug|Any CPU
		{3AD7E764-5C99-4A0D-BCFA-EB4FAEBFB770}.Release|Any CPU.ActiveCfg = Release|Any CPU
		{3AD7E764-5C99-4A0D-BCFA-EB4FAEBFB770}.Release|Any CPU.Build.0 = Release|Any CPU
		{868FA4C0-14B6-4640-8EAE-8B1DB9279979}.Debug|Any CPU.ActiveCfg = Debug|Any CPU
		{868FA4C0-14B6-4640-8EAE-8B1DB9279979}.Debug|Any CPU.Build.0 = Debug|Any CPU
		{868FA4C0-14B6-4640-8EAE-8B1DB9279979}.Release|Any CPU.ActiveCfg = Release|Any CPU
		{868FA4C0-14B6-4640-8EAE-8B1DB9279979}.Release|Any CPU.Build.0 = Release|Any CPU
		{2F710709-D69A-455D-925C-ACA41D106E1E}.Debug|Any CPU.ActiveCfg = Debug|Any CPU
		{2F710709-D69A-455D-925C-ACA41D106E1E}.Debug|Any CPU.Build.0 = Debug|Any CPU
		{2F710709-D69A-455D-925C-ACA41D106E1E}.Release|Any CPU.ActiveCfg = Release|Any CPU
		{2F710709-D69A-455D-925C-ACA41D106E1E}.Release|Any CPU.Build.0 = Release|Any CPU
		{99039EDB-4F17-4656-8BB1-66640852F86F}.Debug|Any CPU.ActiveCfg = Debug|Any CPU
		{99039EDB-4F17-4656-8BB1-66640852F86F}.Debug|Any CPU.Build.0 = Debug|Any CPU
		{99039EDB-4F17-4656-8BB1-66640852F86F}.Release|Any CPU.ActiveCfg = Release|Any CPU
		{99039EDB-4F17-4656-8BB1-66640852F86F}.Release|Any CPU.Build.0 = Release|Any CPU
		{B1BBD29B-5095-4144-A72C-D188368A9636}.Debug|Any CPU.ActiveCfg = Debug|Any CPU
		{B1BBD29B-5095-4144-A72C-D188368A9636}.Debug|Any CPU.Build.0 = Debug|Any CPU
		{B1BBD29B-5095-4144-A72C-D188368A9636}.Release|Any CPU.ActiveCfg = Release|Any CPU
		{B1BBD29B-5095-4144-A72C-D188368A9636}.Release|Any CPU.Build.0 = Release|Any CPU
		{DB2BFC17-92EB-4015-B136-F85818459426}.Debug|Any CPU.ActiveCfg = Debug|Any CPU
		{DB2BFC17-92EB-4015-B136-F85818459426}.Debug|Any CPU.Build.0 = Debug|Any CPU
		{DB2BFC17-92EB-4015-B136-F85818459426}.Release|Any CPU.ActiveCfg = Release|Any CPU
		{DB2BFC17-92EB-4015-B136-F85818459426}.Release|Any CPU.Build.0 = Release|Any CPU
		{A7305618-4EC4-4BFB-AB54-7CA36526B79F}.Debug|Any CPU.ActiveCfg = Debug|Any CPU
		{A7305618-4EC4-4BFB-AB54-7CA36526B79F}.Debug|Any CPU.Build.0 = Debug|Any CPU
		{A7305618-4EC4-4BFB-AB54-7CA36526B79F}.Release|Any CPU.ActiveCfg = Release|Any CPU
		{A7305618-4EC4-4BFB-AB54-7CA36526B79F}.Release|Any CPU.Build.0 = Release|Any CPU
		{1BB93F67-DA4F-41A7-A308-D5E925F881D1}.Debug|Any CPU.ActiveCfg = Debug|Any CPU
		{1BB93F67-DA4F-41A7-A308-D5E925F881D1}.Debug|Any CPU.Build.0 = Debug|Any CPU
		{1BB93F67-DA4F-41A7-A308-D5E925F881D1}.Release|Any CPU.ActiveCfg = Release|Any CPU
		{1BB93F67-DA4F-41A7-A308-D5E925F881D1}.Release|Any CPU.Build.0 = Release|Any CPU
		{654C62A2-ED86-4953-916F-C1B36ECAA5CE}.Debug|Any CPU.ActiveCfg = Debug|Any CPU
		{654C62A2-ED86-4953-916F-C1B36ECAA5CE}.Debug|Any CPU.Build.0 = Debug|Any CPU
		{654C62A2-ED86-4953-916F-C1B36ECAA5CE}.Release|Any CPU.ActiveCfg = Release|Any CPU
		{654C62A2-ED86-4953-916F-C1B36ECAA5CE}.Release|Any CPU.Build.0 = Release|Any CPU
		{09AB19E1-0374-4C73-9A26-6465FE9415EB}.Debug|Any CPU.ActiveCfg = Debug|Any CPU
		{09AB19E1-0374-4C73-9A26-6465FE9415EB}.Debug|Any CPU.Build.0 = Debug|Any CPU
		{09AB19E1-0374-4C73-9A26-6465FE9415EB}.Release|Any CPU.ActiveCfg = Release|Any CPU
		{09AB19E1-0374-4C73-9A26-6465FE9415EB}.Release|Any CPU.Build.0 = Release|Any CPU
		{CE3CCB56-A893-4FC6-8296-E89E94F98D46}.Debug|Any CPU.ActiveCfg = Debug|Any CPU
		{CE3CCB56-A893-4FC6-8296-E89E94F98D46}.Debug|Any CPU.Build.0 = Debug|Any CPU
		{CE3CCB56-A893-4FC6-8296-E89E94F98D46}.Release|Any CPU.ActiveCfg = Release|Any CPU
		{CE3CCB56-A893-4FC6-8296-E89E94F98D46}.Release|Any CPU.Build.0 = Release|Any CPU
		{8B74B8B3-B720-4025-B52D-0B09D1048AE5}.Debug|Any CPU.ActiveCfg = Debug|Any CPU
		{8B74B8B3-B720-4025-B52D-0B09D1048AE5}.Debug|Any CPU.Build.0 = Debug|Any CPU
		{8B74B8B3-B720-4025-B52D-0B09D1048AE5}.Release|Any CPU.ActiveCfg = Release|Any CPU
		{8B74B8B3-B720-4025-B52D-0B09D1048AE5}.Release|Any CPU.Build.0 = Release|Any CPU
		{D1541E5E-0BDA-48F0-8648-EF8F5F8D2293}.Debug|Any CPU.ActiveCfg = Debug|Any CPU
		{D1541E5E-0BDA-48F0-8648-EF8F5F8D2293}.Debug|Any CPU.Build.0 = Debug|Any CPU
		{D1541E5E-0BDA-48F0-8648-EF8F5F8D2293}.Release|Any CPU.ActiveCfg = Release|Any CPU
		{D1541E5E-0BDA-48F0-8648-EF8F5F8D2293}.Release|Any CPU.Build.0 = Release|Any CPU
		{BF6C60AC-2594-41DF-8B29-F8A470D8D942}.Debug|Any CPU.ActiveCfg = Debug|Any CPU
		{BF6C60AC-2594-41DF-8B29-F8A470D8D942}.Debug|Any CPU.Build.0 = Debug|Any CPU
		{BF6C60AC-2594-41DF-8B29-F8A470D8D942}.Release|Any CPU.ActiveCfg = Release|Any CPU
		{BF6C60AC-2594-41DF-8B29-F8A470D8D942}.Release|Any CPU.Build.0 = Release|Any CPU
		{2D4AE365-5CAF-493E-9678-E59114D8BC72}.Debug|Any CPU.ActiveCfg = Debug|Any CPU
		{2D4AE365-5CAF-493E-9678-E59114D8BC72}.Debug|Any CPU.Build.0 = Debug|Any CPU
		{2D4AE365-5CAF-493E-9678-E59114D8BC72}.Release|Any CPU.ActiveCfg = Release|Any CPU
		{2D4AE365-5CAF-493E-9678-E59114D8BC72}.Release|Any CPU.Build.0 = Release|Any CPU
		{21018B17-4165-4EFD-B9E0-A8E032949371}.Debug|Any CPU.ActiveCfg = Debug|Any CPU
		{21018B17-4165-4EFD-B9E0-A8E032949371}.Debug|Any CPU.Build.0 = Debug|Any CPU
		{21018B17-4165-4EFD-B9E0-A8E032949371}.Release|Any CPU.ActiveCfg = Release|Any CPU
		{21018B17-4165-4EFD-B9E0-A8E032949371}.Release|Any CPU.Build.0 = Release|Any CPU
		{44F1EF96-151C-4759-9FF4-C34C0BF7C6CB}.Debug|Any CPU.ActiveCfg = Debug|Any CPU
		{44F1EF96-151C-4759-9FF4-C34C0BF7C6CB}.Debug|Any CPU.Build.0 = Debug|Any CPU
		{44F1EF96-151C-4759-9FF4-C34C0BF7C6CB}.Release|Any CPU.ActiveCfg = Release|Any CPU
		{44F1EF96-151C-4759-9FF4-C34C0BF7C6CB}.Release|Any CPU.Build.0 = Release|Any CPU
		{D71B6150-7DC2-4BC7-BD33-B8401BD2BBD5}.Debug|Any CPU.ActiveCfg = Debug|Any CPU
		{D71B6150-7DC2-4BC7-BD33-B8401BD2BBD5}.Debug|Any CPU.Build.0 = Debug|Any CPU
		{D71B6150-7DC2-4BC7-BD33-B8401BD2BBD5}.Release|Any CPU.ActiveCfg = Release|Any CPU
		{D71B6150-7DC2-4BC7-BD33-B8401BD2BBD5}.Release|Any CPU.Build.0 = Release|Any CPU
		{7C09B7C2-B00E-491D-BA09-0E4F161EEB87}.Debug|Any CPU.ActiveCfg = Debug|Any CPU
		{7C09B7C2-B00E-491D-BA09-0E4F161EEB87}.Debug|Any CPU.Build.0 = Debug|Any CPU
		{7C09B7C2-B00E-491D-BA09-0E4F161EEB87}.Release|Any CPU.ActiveCfg = Release|Any CPU
		{7C09B7C2-B00E-491D-BA09-0E4F161EEB87}.Release|Any CPU.Build.0 = Release|Any CPU
		{5B300D3A-CBF2-4AC4-A870-C84DE9DD38CF}.Debug|Any CPU.ActiveCfg = Debug|Any CPU
		{5B300D3A-CBF2-4AC4-A870-C84DE9DD38CF}.Debug|Any CPU.Build.0 = Debug|Any CPU
		{5B300D3A-CBF2-4AC4-A870-C84DE9DD38CF}.Release|Any CPU.ActiveCfg = Release|Any CPU
		{5B300D3A-CBF2-4AC4-A870-C84DE9DD38CF}.Release|Any CPU.Build.0 = Release|Any CPU
		{3924B247-72CA-4AF9-9806-B89A5F29C5BC}.Debug|Any CPU.ActiveCfg = Debug|Any CPU
		{3924B247-72CA-4AF9-9806-B89A5F29C5BC}.Debug|Any CPU.Build.0 = Debug|Any CPU
		{3924B247-72CA-4AF9-9806-B89A5F29C5BC}.Release|Any CPU.ActiveCfg = Release|Any CPU
		{3924B247-72CA-4AF9-9806-B89A5F29C5BC}.Release|Any CPU.Build.0 = Release|Any CPU
	EndGlobalSection
	GlobalSection(SolutionProperties) = preSolution
		HideSolutionNode = FALSE
	EndGlobalSection
	GlobalSection(NestedProjects) = preSolution
		{B3011872-CC19-4E39-85FC-2F5CDDCA432C} = {40BD134E-47AC-426C-B492-D25A82B06B09}
		{9C6392C8-3269-49FB-97D2-6CB041CE28B9} = {FA27127D-05B0-498E-9B97-D704E206CE8D}
		{0B9D6971-C338-4E3B-B736-61E3CD3824CB} = {9C6392C8-3269-49FB-97D2-6CB041CE28B9}
		{D6E9E0BE-E7E1-421A-91B5-4717128BA53C} = {FA27127D-05B0-498E-9B97-D704E206CE8D}
		{DD56BA86-F1B7-4288-AA19-121B60E99727} = {FA27127D-05B0-498E-9B97-D704E206CE8D}
		{DF42FC60-0328-4891-9E17-A84FCD1D5CD9} = {FA27127D-05B0-498E-9B97-D704E206CE8D}
		{3AD7E764-5C99-4A0D-BCFA-EB4FAEBFB770} = {FA27127D-05B0-498E-9B97-D704E206CE8D}
		{868FA4C0-14B6-4640-8EAE-8B1DB9279979} = {FA27127D-05B0-498E-9B97-D704E206CE8D}
		{2F710709-D69A-455D-925C-ACA41D106E1E} = {FA27127D-05B0-498E-9B97-D704E206CE8D}
		{99039EDB-4F17-4656-8BB1-66640852F86F} = {FA27127D-05B0-498E-9B97-D704E206CE8D}
		{B1BBD29B-5095-4144-A72C-D188368A9636} = {0B9D6971-C338-4E3B-B736-61E3CD3824CB}
		{DB2BFC17-92EB-4015-B136-F85818459426} = {0B9D6971-C338-4E3B-B736-61E3CD3824CB}
		{A7305618-4EC4-4BFB-AB54-7CA36526B79F} = {0B9D6971-C338-4E3B-B736-61E3CD3824CB}
		{1BB93F67-DA4F-41A7-A308-D5E925F881D1} = {B3011872-CC19-4E39-85FC-2F5CDDCA432C}
		{654C62A2-ED86-4953-916F-C1B36ECAA5CE} = {B3011872-CC19-4E39-85FC-2F5CDDCA432C}
		{09AB19E1-0374-4C73-9A26-6465FE9415EB} = {B3011872-CC19-4E39-85FC-2F5CDDCA432C}
		{CE3CCB56-A893-4FC6-8296-E89E94F98D46} = {B3011872-CC19-4E39-85FC-2F5CDDCA432C}
		{8B74B8B3-B720-4025-B52D-0B09D1048AE5} = {B3011872-CC19-4E39-85FC-2F5CDDCA432C}
		{D1541E5E-0BDA-48F0-8648-EF8F5F8D2293} = {B3011872-CC19-4E39-85FC-2F5CDDCA432C}
		{BF6C60AC-2594-41DF-8B29-F8A470D8D942} = {2AC5D1CA-B35F-4F7F-84FB-751CF4DD80AD}
		{2D4AE365-5CAF-493E-9678-E59114D8BC72} = {0B9D6971-C338-4E3B-B736-61E3CD3824CB}
		{21018B17-4165-4EFD-B9E0-A8E032949371} = {0B9D6971-C338-4E3B-B736-61E3CD3824CB}
		{A4705CEC-B295-4B8B-9F59-0416CEE73979} = {9C6392C8-3269-49FB-97D2-6CB041CE28B9}
		{44F1EF96-151C-4759-9FF4-C34C0BF7C6CB} = {A4705CEC-B295-4B8B-9F59-0416CEE73979}
		{D71B6150-7DC2-4BC7-BD33-B8401BD2BBD5} = {A4705CEC-B295-4B8B-9F59-0416CEE73979}
		{7C09B7C2-B00E-491D-BA09-0E4F161EEB87} = {A4705CEC-B295-4B8B-9F59-0416CEE73979}
		{5B300D3A-CBF2-4AC4-A870-C84DE9DD38CF} = {A4705CEC-B295-4B8B-9F59-0416CEE73979}
		{3924B247-72CA-4AF9-9806-B89A5F29C5BC} = {B3011872-CC19-4E39-85FC-2F5CDDCA432C}
	EndGlobalSection
EndGlobal
