
Microsoft Visual Studio Solution File, Format Version 12.00
# Visual Studio Version 17
VisualStudioVersion = 17.12.35527.113
MinimumVisualStudioVersion = 10.0.40219.1
Project("{2150E333-8FDC-42A3-9474-1A3956D46DE8}") = "UseCases", "UseCases", "{40BD134E-47AC-426C-B492-D25A82B06B09}"
EndProject
Project("{2150E333-8FDC-42A3-9474-1A3956D46DE8}") = "BPP.Person", "BPP.Person", "{B3011872-CC19-4E39-85FC-2F5CDDCA432C}"
EndProject
Project("{2150E333-8FDC-42A3-9474-1A3956D46DE8}") = "Application", "Application", "{2AC5D1CA-B35F-4F7F-84FB-751CF4DD80AD}"
EndProject
Project("{FAE04EC0-301F-11D3-BF4B-00C04F79EFBC}") = "BPP.Person.CON", "..\BPPUseCases\BPP.Person.CON\BPP.Person.CON.csproj", "{1BB93F67-DA4F-41A7-A308-D5E925F881D1}"
EndProject
Project("{FAE04EC0-301F-11D3-BF4B-00C04F79EFBC}") = "BPP.Person.DTI", "..\BPPUseCases\BPP.Person.DTI\BPP.Person.DTI.csproj", "{654C62A2-ED86-4953-916F-C1B36ECAA5CE}"
EndProject
Project("{FAE04EC0-301F-11D3-BF4B-00C04F79EFBC}") = "BPP.Person.DTO", "..\BPPUseCases\BPP.Person.DTO\BPP.Person.DTO.csproj", "{09AB19E1-0374-4C73-9A26-6465FE9415EB}"
EndProject
Project("{2150E333-8FDC-42A3-9474-1A3956D46DE8}") = "BPP.PersonApp", "BPP.PersonApp", "{B6493688-A99D-4AA0-A050-F086BFFCADA9}"
EndProject
Project("{FAE04EC0-301F-11D3-BF4B-00C04F79EFBC}") = "BPP.PersonApp.CON", "..\BPPUseCases\BPP.PersonApp.CON\BPP.PersonApp.CON.csproj", "{40D9C37C-F15C-4909-AC55-86D8508FC771}"
EndProject
Project("{FAE04EC0-301F-11D3-BF4B-00C04F79EFBC}") = "BPP.Person.BL", "..\BPPUseCases\BPP.Person.BL\BPP.Person.BL.csproj", "{8B4C1DC4-C097-46D4-B24B-3FAC482BEC18}"
EndProject
Project("{FAE04EC0-301F-11D3-BF4B-00C04F79EFBC}") = "BPP.Person.BLCFG", "..\BPPUseCases\BPP.Person.BLCFG\BPP.Person.BLCFG.csproj", "{244F7778-0C90-493A-9980-FA0D85DD7A2B}"
EndProject
Project("{FAE04EC0-301F-11D3-BF4B-00C04F79EFBC}") = "BPP.PersonApp.BL", "..\BPPUseCases\BPP.PersonApp.BL\BPP.PersonApp.BL.csproj", "{CAA42AC4-D413-4A18-B820-6546B873E050}"
EndProject
Project("{FAE04EC0-301F-11D3-BF4B-00C04F79EFBC}") = "BPP.PersonApp.BLCFG", "..\BPPUseCases\BPP.PersonApp.BLCFG\BPP.PersonApp.BLCFG.csproj", "{7BA5A608-326E-47CD-8D89-659934901B97}"
EndProject
Project("{FAE04EC0-301F-11D3-BF4B-00C04F79EFBC}") = "BPP.Person.DPL", "..\BPPUseCases\BPP.Person.DPL\BPP.Person.DPL.csproj", "{19DF08D1-F199-42B4-BF24-7F9A9DBF408F}"
EndProject
Project("{FAE04EC0-301F-11D3-BF4B-00C04F79EFBC}") = "BPP.Person.DPLCFG", "..\BPPUseCases\BPP.Person.DPLCFG\BPP.Person.DPLCFG.csproj", "{A63850D5-B0CB-4039-88B9-82A1F577FA95}"
EndProject
Project("{FAE04EC0-301F-11D3-BF4B-00C04F79EFBC}") = "BPP.Person.DAL", "..\BPPUseCases\BPP.Person.DAL\BPP.Person.DAL.csproj", "{A196DBE3-F3C4-4EFC-AA39-96FD78317F37}"
EndProject
Project("{FAE04EC0-301F-11D3-BF4B-00C04F79EFBC}") = "BPP.Person.DALCFG", "..\BPPUseCases\BPP.Person.DALCFG\BPP.Person.DALCFG.csproj", "{D928D4B2-248E-4B21-A9D6-E7EA79B4D2AE}"
EndProject
Project("{FAE04EC0-301F-11D3-BF4B-00C04F79EFBC}") = "BPP.PersonApp.DPL", "..\BPPUseCases\BPP.PersonApp.DPL\BPP.PersonApp.DPL.csproj", "{974C2A3A-CDA7-47A3-BB6D-7BFBDD1E473F}"
EndProject
Project("{FAE04EC0-301F-11D3-BF4B-00C04F79EFBC}") = "BPP.PersonApp.DPLCFG", "..\BPPUseCases\BPP.PersonApp.DPLCFG\BPP.PersonApp.DPLCFG.csproj", "{687F1CCB-1124-403A-A4C4-BE06482CD8F8}"
EndProject
Project("{FAE04EC0-301F-11D3-BF4B-00C04F79EFBC}") = "BPP.Person.API", "..\BPPUseCases\BPP.Person.API\BPP.Person.API.csproj", "{AA574A19-32F0-4BAB-9BEC-ACB73A07A06D}"
EndProject
Global
	GlobalSection(SolutionConfigurationPlatforms) = preSolution
		Debug|Any CPU = Debug|Any CPU
		Release|Any CPU = Release|Any CPU
	EndGlobalSection
	GlobalSection(ProjectConfigurationPlatforms) = postSolution
		{1BB93F67-DA4F-41A7-A308-D5E925F881D1}.Debug|Any CPU.ActiveCfg = Debug|Any CPU
		{1BB93F67-DA4F-41A7-A308-D5E925F881D1}.Debug|Any CPU.Build.0 = Debug|Any CPU
		{1BB93F67-DA4F-41A7-A308-D5E925F881D1}.Release|Any CPU.ActiveCfg = Release|Any CPU
		{1BB93F67-DA4F-41A7-A308-D5E925F881D1}.Release|Any CPU.Build.0 = Release|Any CPU
		{654C62A2-ED86-4953-916F-C1B36ECAA5CE}.Debug|Any CPU.ActiveCfg = Debug|Any CPU
		{654C62A2-ED86-4953-916F-C1B36ECAA5CE}.Debug|Any CPU.Build.0 = Debug|Any CPU
		{654C62A2-ED86-4953-916F-C1B36ECAA5CE}.Release|Any CPU.ActiveCfg = Release|Any CPU
		{654C62A2-ED86-4953-916F-C1B36ECAA5CE}.Release|Any CPU.Build.0 = Release|Any CPU
		{09AB19E1-0374-4C73-9A26-6465FE9415EB}.Debug|Any CPU.ActiveCfg = Debug|Any CPU
		{09AB19E1-0374-4C73-9A26-6465FE9415EB}.Debug|Any CPU.Build.0 = Debug|Any CPU
		{09AB19E1-0374-4C73-9A26-6465FE9415EB}.Release|Any CPU.ActiveCfg = Release|Any CPU
		{09AB19E1-0374-4C73-9A26-6465FE9415EB}.Release|Any CPU.Build.0 = Release|Any CPU
		{40D9C37C-F15C-4909-AC55-86D8508FC771}.Debug|Any CPU.ActiveCfg = Debug|Any CPU
		{40D9C37C-F15C-4909-AC55-86D8508FC771}.Debug|Any CPU.Build.0 = Debug|Any CPU
		{40D9C37C-F15C-4909-AC55-86D8508FC771}.Release|Any CPU.ActiveCfg = Release|Any CPU
		{40D9C37C-F15C-4909-AC55-86D8508FC771}.Release|Any CPU.Build.0 = Release|Any CPU
		{8B4C1DC4-C097-46D4-B24B-3FAC482BEC18}.Debug|Any CPU.ActiveCfg = Debug|Any CPU
		{8B4C1DC4-C097-46D4-B24B-3FAC482BEC18}.Debug|Any CPU.Build.0 = Debug|Any CPU
		{8B4C1DC4-C097-46D4-B24B-3FAC482BEC18}.Release|Any CPU.ActiveCfg = Release|Any CPU
		{8B4C1DC4-C097-46D4-B24B-3FAC482BEC18}.Release|Any CPU.Build.0 = Release|Any CPU
		{244F7778-0C90-493A-9980-FA0D85DD7A2B}.Debug|Any CPU.ActiveCfg = Debug|Any CPU
		{244F7778-0C90-493A-9980-FA0D85DD7A2B}.Debug|Any CPU.Build.0 = Debug|Any CPU
		{244F7778-0C90-493A-9980-FA0D85DD7A2B}.Release|Any CPU.ActiveCfg = Release|Any CPU
		{244F7778-0C90-493A-9980-FA0D85DD7A2B}.Release|Any CPU.Build.0 = Release|Any CPU
		{CAA42AC4-D413-4A18-B820-6546B873E050}.Debug|Any CPU.ActiveCfg = Debug|Any CPU
		{CAA42AC4-D413-4A18-B820-6546B873E050}.Debug|Any CPU.Build.0 = Debug|Any CPU
		{CAA42AC4-D413-4A18-B820-6546B873E050}.Release|Any CPU.ActiveCfg = Release|Any CPU
		{CAA42AC4-D413-4A18-B820-6546B873E050}.Release|Any CPU.Build.0 = Release|Any CPU
		{7BA5A608-326E-47CD-8D89-659934901B97}.Debug|Any CPU.ActiveCfg = Debug|Any CPU
		{7BA5A608-326E-47CD-8D89-659934901B97}.Debug|Any CPU.Build.0 = Debug|Any CPU
		{7BA5A608-326E-47CD-8D89-659934901B97}.Release|Any CPU.ActiveCfg = Release|Any CPU
		{7BA5A608-326E-47CD-8D89-659934901B97}.Release|Any CPU.Build.0 = Release|Any CPU
		{19DF08D1-F199-42B4-BF24-7F9A9DBF408F}.Debug|Any CPU.ActiveCfg = Debug|Any CPU
		{19DF08D1-F199-42B4-BF24-7F9A9DBF408F}.Debug|Any CPU.Build.0 = Debug|Any CPU
		{19DF08D1-F199-42B4-BF24-7F9A9DBF408F}.Release|Any CPU.ActiveCfg = Release|Any CPU
		{19DF08D1-F199-42B4-BF24-7F9A9DBF408F}.Release|Any CPU.Build.0 = Release|Any CPU
		{A63850D5-B0CB-4039-88B9-82A1F577FA95}.Debug|Any CPU.ActiveCfg = Debug|Any CPU
		{A63850D5-B0CB-4039-88B9-82A1F577FA95}.Debug|Any CPU.Build.0 = Debug|Any CPU
		{A63850D5-B0CB-4039-88B9-82A1F577FA95}.Release|Any CPU.ActiveCfg = Release|Any CPU
		{A63850D5-B0CB-4039-88B9-82A1F577FA95}.Release|Any CPU.Build.0 = Release|Any CPU
		{A196DBE3-F3C4-4EFC-AA39-96FD78317F37}.Debug|Any CPU.ActiveCfg = Debug|Any CPU
		{A196DBE3-F3C4-4EFC-AA39-96FD78317F37}.Debug|Any CPU.Build.0 = Debug|Any CPU
		{A196DBE3-F3C4-4EFC-AA39-96FD78317F37}.Release|Any CPU.ActiveCfg = Release|Any CPU
		{A196DBE3-F3C4-4EFC-AA39-96FD78317F37}.Release|Any CPU.Build.0 = Release|Any CPU
		{D928D4B2-248E-4B21-A9D6-E7EA79B4D2AE}.Debug|Any CPU.ActiveCfg = Debug|Any CPU
		{D928D4B2-248E-4B21-A9D6-E7EA79B4D2AE}.Debug|Any CPU.Build.0 = Debug|Any CPU
		{D928D4B2-248E-4B21-A9D6-E7EA79B4D2AE}.Release|Any CPU.ActiveCfg = Release|Any CPU
		{D928D4B2-248E-4B21-A9D6-E7EA79B4D2AE}.Release|Any CPU.Build.0 = Release|Any CPU
		{974C2A3A-CDA7-47A3-BB6D-7BFBDD1E473F}.Debug|Any CPU.ActiveCfg = Debug|Any CPU
		{974C2A3A-CDA7-47A3-BB6D-7BFBDD1E473F}.Debug|Any CPU.Build.0 = Debug|Any CPU
		{974C2A3A-CDA7-47A3-BB6D-7BFBDD1E473F}.Release|Any CPU.ActiveCfg = Release|Any CPU
		{974C2A3A-CDA7-47A3-BB6D-7BFBDD1E473F}.Release|Any CPU.Build.0 = Release|Any CPU
		{687F1CCB-1124-403A-A4C4-BE06482CD8F8}.Debug|Any CPU.ActiveCfg = Debug|Any CPU
		{687F1CCB-1124-403A-A4C4-BE06482CD8F8}.Debug|Any CPU.Build.0 = Debug|Any CPU
		{687F1CCB-1124-403A-A4C4-BE06482CD8F8}.Release|Any CPU.ActiveCfg = Release|Any CPU
		{687F1CCB-1124-403A-A4C4-BE06482CD8F8}.Release|Any CPU.Build.0 = Release|Any CPU
		{AA574A19-32F0-4BAB-9BEC-ACB73A07A06D}.Debug|Any CPU.ActiveCfg = Debug|Any CPU
		{AA574A19-32F0-4BAB-9BEC-ACB73A07A06D}.Debug|Any CPU.Build.0 = Debug|Any CPU
		{AA574A19-32F0-4BAB-9BEC-ACB73A07A06D}.Release|Any CPU.ActiveCfg = Release|Any CPU
		{AA574A19-32F0-4BAB-9BEC-ACB73A07A06D}.Release|Any CPU.Build.0 = Release|Any CPU
	EndGlobalSection
	GlobalSection(SolutionProperties) = preSolution
		HideSolutionNode = FALSE
	EndGlobalSection
	GlobalSection(NestedProjects) = preSolution
		{B3011872-CC19-4E39-85FC-2F5CDDCA432C} = {40BD134E-47AC-426C-B492-D25A82B06B09}
		{1BB93F67-DA4F-41A7-A308-D5E925F881D1} = {B3011872-CC19-4E39-85FC-2F5CDDCA432C}
		{654C62A2-ED86-4953-916F-C1B36ECAA5CE} = {B3011872-CC19-4E39-85FC-2F5CDDCA432C}
		{09AB19E1-0374-4C73-9A26-6465FE9415EB} = {B3011872-CC19-4E39-85FC-2F5CDDCA432C}
		{B6493688-A99D-4AA0-A050-F086BFFCADA9} = {40BD134E-47AC-426C-B492-D25A82B06B09}
		{40D9C37C-F15C-4909-AC55-86D8508FC771} = {B6493688-A99D-4AA0-A050-F086BFFCADA9}
		{8B4C1DC4-C097-46D4-B24B-3FAC482BEC18} = {B3011872-CC19-4E39-85FC-2F5CDDCA432C}
		{244F7778-0C90-493A-9980-FA0D85DD7A2B} = {B3011872-CC19-4E39-85FC-2F5CDDCA432C}
		{CAA42AC4-D413-4A18-B820-6546B873E050} = {B6493688-A99D-4AA0-A050-F086BFFCADA9}
		{7BA5A608-326E-47CD-8D89-659934901B97} = {B6493688-A99D-4AA0-A050-F086BFFCADA9}
		{19DF08D1-F199-42B4-BF24-7F9A9DBF408F} = {B3011872-CC19-4E39-85FC-2F5CDDCA432C}
		{A63850D5-B0CB-4039-88B9-82A1F577FA95} = {B3011872-CC19-4E39-85FC-2F5CDDCA432C}
		{A196DBE3-F3C4-4EFC-AA39-96FD78317F37} = {B3011872-CC19-4E39-85FC-2F5CDDCA432C}
		{D928D4B2-248E-4B21-A9D6-E7EA79B4D2AE} = {B3011872-CC19-4E39-85FC-2F5CDDCA432C}
		{974C2A3A-CDA7-47A3-BB6D-7BFBDD1E473F} = {B6493688-A99D-4AA0-A050-F086BFFCADA9}
		{687F1CCB-1124-403A-A4C4-BE06482CD8F8} = {B6493688-A99D-4AA0-A050-F086BFFCADA9}
		{AA574A19-32F0-4BAB-9BEC-ACB73A07A06D} = {2AC5D1CA-B35F-4F7F-84FB-751CF4DD80AD}
	EndGlobalSection
EndGlobal
