
Microsoft Visual Studio Solution File, Format Version 12.00
# Visual Studio Version 17
VisualStudioVersion = 17.12.35527.113
MinimumVisualStudioVersion = 10.0.40219.1
Project("{2150E333-8FDC-42A3-9474-1A3956D46DE8}") = "SkySoftFramework", "SkySoftFramework", "{FA27127D-05B0-498E-9B97-D704E206CE8D}"
EndProject
Project("{2150E333-8FDC-42A3-9474-1A3956D46DE8}") = "Application", "Application", "{2AC5D1CA-B35F-4F7F-84FB-751CF4DD80AD}"
EndProject
Project("{2150E333-8FDC-42A3-9474-1A3956D46DE8}") = "UseCases", "UseCases", "{9C6392C8-3269-49FB-97D2-6CB041CE28B9}"
EndProject
Project("{2150E333-8FDC-42A3-9474-1A3956D46DE8}") = "SkySoft.DnsServer", "SkySoft.DnsServer", "{0B9D6971-C338-4E3B-B736-61E3CD3824CB}"
EndProject
Project("{FAE04EC0-301F-11D3-BF4B-00C04F79EFBC}") = "SkySoft.Contracts", "..\SkySoftFramework\SkySoft.Contracts\SkySoft.Contracts.csproj", "{D6E9E0BE-E7E1-421A-91B5-4717128BA53C}"
EndProject
Project("{FAE04EC0-301F-11D3-BF4B-00C04F79EFBC}") = "SkySoft.Core", "..\SkySoftFramework\SkySoft.Core\SkySoft.Core.csproj", "{DD56BA86-F1B7-4288-AA19-121B60E99727}"
EndProject
Project("{FAE04EC0-301F-11D3-BF4B-00C04F79EFBC}") = "SkySoft.ICommunication", "..\SkySoftFramework\SkySoft.ICommunication\SkySoft.ICommunication.csproj", "{DF42FC60-0328-4891-9E17-A84FCD1D5CD9}"
EndProject
Project("{FAE04EC0-301F-11D3-BF4B-00C04F79EFBC}") = "SkySoft.IBPPApplication", "..\SkySoftFramework\SkySoft.IBPPApplication\SkySoft.IBPPApplication.csproj", "{3AD7E764-5C99-4A0D-BCFA-EB4FAEBFB770}"
EndProject
Project("{FAE04EC0-301F-11D3-BF4B-00C04F79EFBC}") = "SkySoft.Communication", "..\SkySoftFramework\SkySoft.Communication\SkySoft.Communication.csproj", "{868FA4C0-14B6-4640-8EAE-8B1DB9279979}"
EndProject
Project("{FAE04EC0-301F-11D3-BF4B-00C04F79EFBC}") = "SkySoft.BPPApplication", "..\SkySoftFramework\SkySoft.BPPApplication\SkySoft.BPPApplication.csproj", "{2F710709-D69A-455D-925C-ACA41D106E1E}"
EndProject
Project("{FAE04EC0-301F-11D3-BF4B-00C04F79EFBC}") = "SkySoft.Net.Http", "..\SkySoftFramework\SkySoft.Net.Http\SkySoft.Net.Http.csproj", "{99039EDB-4F17-4656-8BB1-66640852F86F}"
EndProject
Project("{FAE04EC0-301F-11D3-BF4B-00C04F79EFBC}") = "SkySoft.DnsServer.CON", "..\SkySoftFramework\SkySoft.DnsServer.CON\SkySoft.DnsServer.CON.csproj", "{B1BBD29B-5095-4144-A72C-D188368A9636}"
EndProject
Project("{FAE04EC0-301F-11D3-BF4B-00C04F79EFBC}") = "SkySoft.DnsServer.Tests", "..\SkySoftFrameworkTests\SkySoft.DnsServer.Tests\SkySoft.DnsServer.Tests.csproj", "{86A9E8C1-AC21-4B89-94E7-F7D8C05D6ED8}"
EndProject
Project("{2150E333-8FDC-42A3-9474-1A3956D46DE8}") = "Components", "Components", "{33BCB538-256C-4A6C-B98F-04B2DE2F140B}"
EndProject
Project("{FAE04EC0-301F-11D3-BF4B-00C04F79EFBC}") = "SkySoft.BPPApplication.CFG", "..\SkySoftFramework\SkySoft.BPPApplication.CFG\SkySoft.BPPApplication.CFG.csproj", "{A4ABC406-1718-43A7-B751-639213805077}"
EndProject
Project("{2150E333-8FDC-42A3-9474-1A3956D46DE8}") = "Data", "Data", "{59A3F0BF-A34F-4B8B-9F71-3A5BAD5704F3}"
EndProject
Project("{FAE04EC0-301F-11D3-BF4B-00C04F79EFBC}") = "SkySoft.DnsRecord.DTI", "..\SkySoftFramework\SkySoft.DnsRecord.DTI\SkySoft.DnsRecord.DTI.csproj", "{2EC7F8C7-2C9E-401F-AFB9-34DB4A65F7FE}"
EndProject
Project("{FAE04EC0-301F-11D3-BF4B-00C04F79EFBC}") = "SkySoft.DnsRecord.DTO", "..\SkySoftFramework\SkySoft.DnsRecord.DTO\SkySoft.DnsRecord.DTO.csproj", "{28CD5E7F-46EB-4464-986F-C85493B2D936}"
EndProject
Global
	GlobalSection(SolutionConfigurationPlatforms) = preSolution
		Debug|Any CPU = Debug|Any CPU
		Release|Any CPU = Release|Any CPU
	EndGlobalSection
	GlobalSection(ProjectConfigurationPlatforms) = postSolution
		{D6E9E0BE-E7E1-421A-91B5-4717128BA53C}.Debug|Any CPU.ActiveCfg = Debug|Any CPU
		{D6E9E0BE-E7E1-421A-91B5-4717128BA53C}.Debug|Any CPU.Build.0 = Debug|Any CPU
		{D6E9E0BE-E7E1-421A-91B5-4717128BA53C}.Release|Any CPU.ActiveCfg = Release|Any CPU
		{D6E9E0BE-E7E1-421A-91B5-4717128BA53C}.Release|Any CPU.Build.0 = Release|Any CPU
		{DD56BA86-F1B7-4288-AA19-121B60E99727}.Debug|Any CPU.ActiveCfg = Debug|Any CPU
		{DD56BA86-F1B7-4288-AA19-121B60E99727}.Debug|Any CPU.Build.0 = Debug|Any CPU
		{DD56BA86-F1B7-4288-AA19-121B60E99727}.Release|Any CPU.ActiveCfg = Release|Any CPU
		{DD56BA86-F1B7-4288-AA19-121B60E99727}.Release|Any CPU.Build.0 = Release|Any CPU
		{DF42FC60-0328-4891-9E17-A84FCD1D5CD9}.Debug|Any CPU.ActiveCfg = Debug|Any CPU
		{DF42FC60-0328-4891-9E17-A84FCD1D5CD9}.Debug|Any CPU.Build.0 = Debug|Any CPU
		{DF42FC60-0328-4891-9E17-A84FCD1D5CD9}.Release|Any CPU.ActiveCfg = Release|Any CPU
		{DF42FC60-0328-4891-9E17-A84FCD1D5CD9}.Release|Any CPU.Build.0 = Release|Any CPU
		{3AD7E764-5C99-4A0D-BCFA-EB4FAEBFB770}.Debug|Any CPU.ActiveCfg = Debug|Any CPU
		{3AD7E764-5C99-4A0D-BCFA-EB4FAEBFB770}.Debug|Any CPU.Build.0 = Debug|Any CPU
		{3AD7E764-5C99-4A0D-BCFA-EB4FAEBFB770}.Release|Any CPU.ActiveCfg = Release|Any CPU
		{3AD7E764-5C99-4A0D-BCFA-EB4FAEBFB770}.Release|Any CPU.Build.0 = Release|Any CPU
		{868FA4C0-14B6-4640-8EAE-8B1DB9279979}.Debug|Any CPU.ActiveCfg = Debug|Any CPU
		{868FA4C0-14B6-4640-8EAE-8B1DB9279979}.Debug|Any CPU.Build.0 = Debug|Any CPU
		{868FA4C0-14B6-4640-8EAE-8B1DB9279979}.Release|Any CPU.ActiveCfg = Release|Any CPU
		{868FA4C0-14B6-4640-8EAE-8B1DB9279979}.Release|Any CPU.Build.0 = Release|Any CPU
		{2F710709-D69A-455D-925C-ACA41D106E1E}.Debug|Any CPU.ActiveCfg = Debug|Any CPU
		{2F710709-D69A-455D-925C-ACA41D106E1E}.Debug|Any CPU.Build.0 = Debug|Any CPU
		{2F710709-D69A-455D-925C-ACA41D106E1E}.Release|Any CPU.ActiveCfg = Release|Any CPU
		{2F710709-D69A-455D-925C-ACA41D106E1E}.Release|Any CPU.Build.0 = Release|Any CPU
		{99039EDB-4F17-4656-8BB1-66640852F86F}.Debug|Any CPU.ActiveCfg = Debug|Any CPU
		{99039EDB-4F17-4656-8BB1-66640852F86F}.Debug|Any CPU.Build.0 = Debug|Any CPU
		{99039EDB-4F17-4656-8BB1-66640852F86F}.Release|Any CPU.ActiveCfg = Release|Any CPU
		{99039EDB-4F17-4656-8BB1-66640852F86F}.Release|Any CPU.Build.0 = Release|Any CPU
		{B1BBD29B-5095-4144-A72C-D188368A9636}.Debug|Any CPU.ActiveCfg = Debug|Any CPU
		{B1BBD29B-5095-4144-A72C-D188368A9636}.Debug|Any CPU.Build.0 = Debug|Any CPU
		{B1BBD29B-5095-4144-A72C-D188368A9636}.Release|Any CPU.ActiveCfg = Release|Any CPU
		{B1BBD29B-5095-4144-A72C-D188368A9636}.Release|Any CPU.Build.0 = Release|Any CPU
		{86A9E8C1-AC21-4B89-94E7-F7D8C05D6ED8}.Debug|Any CPU.ActiveCfg = Debug|Any CPU
		{86A9E8C1-AC21-4B89-94E7-F7D8C05D6ED8}.Debug|Any CPU.Build.0 = Debug|Any CPU
		{86A9E8C1-AC21-4B89-94E7-F7D8C05D6ED8}.Release|Any CPU.ActiveCfg = Release|Any CPU
		{86A9E8C1-AC21-4B89-94E7-F7D8C05D6ED8}.Release|Any CPU.Build.0 = Release|Any CPU
		{A4ABC406-1718-43A7-B751-639213805077}.Debug|Any CPU.ActiveCfg = Debug|Any CPU
		{A4ABC406-1718-43A7-B751-639213805077}.Debug|Any CPU.Build.0 = Debug|Any CPU
		{A4ABC406-1718-43A7-B751-639213805077}.Release|Any CPU.ActiveCfg = Release|Any CPU
		{A4ABC406-1718-43A7-B751-639213805077}.Release|Any CPU.Build.0 = Release|Any CPU
		{2EC7F8C7-2C9E-401F-AFB9-34DB4A65F7FE}.Debug|Any CPU.ActiveCfg = Debug|Any CPU
		{2EC7F8C7-2C9E-401F-AFB9-34DB4A65F7FE}.Debug|Any CPU.Build.0 = Debug|Any CPU
		{2EC7F8C7-2C9E-401F-AFB9-34DB4A65F7FE}.Release|Any CPU.ActiveCfg = Release|Any CPU
		{2EC7F8C7-2C9E-401F-AFB9-34DB4A65F7FE}.Release|Any CPU.Build.0 = Release|Any CPU
		{28CD5E7F-46EB-4464-986F-C85493B2D936}.Debug|Any CPU.ActiveCfg = Debug|Any CPU
		{28CD5E7F-46EB-4464-986F-C85493B2D936}.Debug|Any CPU.Build.0 = Debug|Any CPU
		{28CD5E7F-46EB-4464-986F-C85493B2D936}.Release|Any CPU.ActiveCfg = Release|Any CPU
		{28CD5E7F-46EB-4464-986F-C85493B2D936}.Release|Any CPU.Build.0 = Release|Any CPU
	EndGlobalSection
	GlobalSection(SolutionProperties) = preSolution
		HideSolutionNode = FALSE
	EndGlobalSection
	GlobalSection(NestedProjects) = preSolution
		{9C6392C8-3269-49FB-97D2-6CB041CE28B9} = {FA27127D-05B0-498E-9B97-D704E206CE8D}
		{0B9D6971-C338-4E3B-B736-61E3CD3824CB} = {9C6392C8-3269-49FB-97D2-6CB041CE28B9}
		{D6E9E0BE-E7E1-421A-91B5-4717128BA53C} = {33BCB538-256C-4A6C-B98F-04B2DE2F140B}
		{DD56BA86-F1B7-4288-AA19-121B60E99727} = {33BCB538-256C-4A6C-B98F-04B2DE2F140B}
		{DF42FC60-0328-4891-9E17-A84FCD1D5CD9} = {33BCB538-256C-4A6C-B98F-04B2DE2F140B}
		{3AD7E764-5C99-4A0D-BCFA-EB4FAEBFB770} = {33BCB538-256C-4A6C-B98F-04B2DE2F140B}
		{868FA4C0-14B6-4640-8EAE-8B1DB9279979} = {33BCB538-256C-4A6C-B98F-04B2DE2F140B}
		{2F710709-D69A-455D-925C-ACA41D106E1E} = {33BCB538-256C-4A6C-B98F-04B2DE2F140B}
		{99039EDB-4F17-4656-8BB1-66640852F86F} = {33BCB538-256C-4A6C-B98F-04B2DE2F140B}
		{B1BBD29B-5095-4144-A72C-D188368A9636} = {0B9D6971-C338-4E3B-B736-61E3CD3824CB}
		{86A9E8C1-AC21-4B89-94E7-F7D8C05D6ED8} = {2AC5D1CA-B35F-4F7F-84FB-751CF4DD80AD}
		{33BCB538-256C-4A6C-B98F-04B2DE2F140B} = {FA27127D-05B0-498E-9B97-D704E206CE8D}
		{A4ABC406-1718-43A7-B751-639213805077} = {33BCB538-256C-4A6C-B98F-04B2DE2F140B}
		{59A3F0BF-A34F-4B8B-9F71-3A5BAD5704F3} = {FA27127D-05B0-498E-9B97-D704E206CE8D}
		{2EC7F8C7-2C9E-401F-AFB9-34DB4A65F7FE} = {59A3F0BF-A34F-4B8B-9F71-3A5BAD5704F3}
		{28CD5E7F-46EB-4464-986F-C85493B2D936} = {59A3F0BF-A34F-4B8B-9F71-3A5BAD5704F3}
	EndGlobalSection
EndGlobal
