
Microsoft Visual Studio Solution File, Format Version 12.00
# Visual Studio Version 17
VisualStudioVersion = 17.12.35527.113
MinimumVisualStudioVersion = 10.0.40219.1
Project("{2150E333-8FDC-42A3-9474-1A3956D46DE8}") = "SkySoftFramework", "SkySoftFramework", "{FA27127D-05B0-498E-9B97-D704E206CE8D}"
EndProject
Project("{2150E333-8FDC-42A3-9474-1A3956D46DE8}") = "Application", "Application", "{2AC5D1CA-B35F-4F7F-84FB-751CF4DD80AD}"
EndProject
Project("{2150E333-8FDC-42A3-9474-1A3956D46DE8}") = "UseCases", "UseCases", "{6C68BD0E-23E2-4E49-8716-A57AC2151953}"
EndProject
Project("{2150E333-8FDC-42A3-9474-1A3956D46DE8}") = "SkySoft.DnsServer", "SkySoft.DnsServer", "{1462E7A1-2320-41A9-9F91-C672A58B6015}"
EndProject
Project("{FAE04EC0-301F-11D3-BF4B-00C04F79EFBC}") = "SkySoft.Contracts", "..\SkySoftFramework\SkySoft.Contracts\SkySoft.Contracts.csproj", "{3C83BE2C-58FC-45E4-8FFF-4F21F8B5DA6E}"
EndProject
Project("{FAE04EC0-301F-11D3-BF4B-00C04F79EFBC}") = "SkySoft.Core", "..\SkySoftFramework\SkySoft.Core\SkySoft.Core.csproj", "{644A1F47-DAD1-4E84-8C45-5B12111355BF}"
EndProject
Project("{FAE04EC0-301F-11D3-BF4B-00C04F79EFBC}") = "SkySoft.ICommunication", "..\SkySoftFramework\SkySoft.ICommunication\SkySoft.ICommunication.csproj", "{5F30EC44-BACF-4661-B800-AEB4EFCA48C6}"
EndProject
Project("{FAE04EC0-301F-11D3-BF4B-00C04F79EFBC}") = "SkySoft.IBPPApplication", "..\SkySoftFramework\SkySoft.IBPPApplication\SkySoft.IBPPApplication.csproj", "{929A235A-5B3E-4D5C-A0DA-11751AFCFC70}"
EndProject
Project("{FAE04EC0-301F-11D3-BF4B-00C04F79EFBC}") = "SkySoft.Communication", "..\SkySoftFramework\SkySoft.Communication\SkySoft.Communication.csproj", "{7E884789-FA57-4830-B326-9F9FE10B4ED5}"
EndProject
Project("{FAE04EC0-301F-11D3-BF4B-00C04F79EFBC}") = "SkySoft.Net.Http", "..\SkySoftFramework\SkySoft.Net.Http\SkySoft.Net.Http.csproj", "{7DEDB9E1-83D3-4A1C-A099-D4CF1F1404E1}"
EndProject
Project("{FAE04EC0-301F-11D3-BF4B-00C04F79EFBC}") = "SkySoft.DnsServer.CON", "..\SkySoftFramework\SkySoft.DnsServer.CON\SkySoft.DnsServer.CON.csproj", "{1C2B8CCB-6397-474B-A8F7-08EFAA8346DD}"
EndProject
Project("{FAE04EC0-301F-11D3-BF4B-00C04F79EFBC}") = "SkySoft.Net.DnsServer", "..\SkySoftFramework\SkySoft.Net.DnsServer\SkySoft.Net.DnsServer.csproj", "{6D3C35D9-B4D8-4F7F-B975-8347AA16D599}"
EndProject
Project("{FAE04EC0-301F-11D3-BF4B-00C04F79EFBC}") = "SkySoft.BPPApplication", "..\SkySoftFramework\SkySoft.BPPApplication\SkySoft.BPPApplication.csproj", "{916B2347-0003-4ACE-BEBF-CD91D149EFD4}"
EndProject
Project("{2150E333-8FDC-42A3-9474-1A3956D46DE8}") = "SkySoft.APIHost", "SkySoft.APIHost", "{2636E8A7-6F81-4AB6-A4DC-F15A09CC20EB}"
EndProject
Project("{FAE04EC0-301F-11D3-BF4B-00C04F79EFBC}") = "SkySoft.APIHost.DPL", "..\SkySoftFramework\SkySoft.APIHost.DPL\SkySoft.APIHost.DPL.csproj", "{8F8686FB-9C3F-4685-9978-4C92B7A95124}"
EndProject
Project("{FAE04EC0-301F-11D3-BF4B-00C04F79EFBC}") = "SkySoft.DnsServer.CFG", "..\SkySoftFramework\SkySoft.DnsServer.CFG\SkySoft.DnsServer.CFG.csproj", "{5017FDB7-74F0-44D4-8FA2-684ACB2BAA40}"
EndProject
Project("{FAE04EC0-301F-11D3-BF4B-00C04F79EFBC}") = "SkySoft.APIHost.CON", "..\SkySoftFramework\SkySoft.APIHost.CON\SkySoft.APIHost.CON.csproj", "{478DB95F-2FFC-474C-B968-366586CC097E}"
EndProject
Project("{FAE04EC0-301F-11D3-BF4B-00C04F79EFBC}") = "SkySoft.DnsServer.INI", "..\SkySoftFramework\SkySoft.DnsServer.INI\SkySoft.DnsServer.INI.csproj", "{26E5D214-7D15-4515-85ED-35388280E0A7}"
EndProject
Project("{FAE04EC0-301F-11D3-BF4B-00C04F79EFBC}") = "SkySoft.DnsServer.DPL", "..\SkySoftFramework\SkySoft.DnsServer.DPL\SkySoft.DnsServer.DPL.csproj", "{2881DF99-7510-4192-B799-D649AA511D81}"
EndProject
Project("{FAE04EC0-301F-11D3-BF4B-00C04F79EFBC}") = "SkySoft.APIHost.CFG", "..\SkySoftFramework\SkySoft.APIHost.CFG\SkySoft.APIHost.CFG.csproj", "{70443C41-E0AE-4070-B8DB-ED87FEAF9D82}"
EndProject
Project("{2150E333-8FDC-42A3-9474-1A3956D46DE8}") = "Data", "Data", "{52319066-7FCC-45FD-A2FA-A0950B7CDB46}"
EndProject
Project("{FAE04EC0-301F-11D3-BF4B-00C04F79EFBC}") = "SkySoft.DnsRecord.DTI", "..\SkySoftFramework\SkySoft.DnsRecord.DTI\SkySoft.DnsRecord.DTI.csproj", "{C4C1E313-5C30-4A95-8000-53B80EBBE597}"
EndProject
Project("{FAE04EC0-301F-11D3-BF4B-00C04F79EFBC}") = "SkySoft.DnsRecord.DTO", "..\SkySoftFramework\SkySoft.DnsRecord.DTO\SkySoft.DnsRecord.DTO.csproj", "{EA7B99B5-A236-44D0-9B0C-6BCE4D907CF0}"
EndProject
Project("{2150E333-8FDC-42A3-9474-1A3956D46DE8}") = "Components", "Components", "{5615407E-CE72-422E-8360-BBD70B82A00B}"
EndProject
Project("{FAE04EC0-301F-11D3-BF4B-00C04F79EFBC}") = "SkySoft.BPPApplication.CFG", "..\SkySoftFramework\SkySoft.BPPApplication.CFG\SkySoft.BPPApplication.CFG.csproj", "{9D68562A-82AF-499A-81E2-BC081E0F4F90}"
EndProject
Project("{FAE04EC0-301F-11D3-BF4B-00C04F79EFBC}") = "SkySoft.BPPApplication.Runtime", "..\SkySoftFramework\SkySoft.BPPApplication.Runtime\SkySoft.BPPApplication.Runtime.csproj", "{96DA8E54-6B37-40A0-B92E-C1538D2EC75E}"
EndProject
Global
	GlobalSection(SolutionConfigurationPlatforms) = preSolution
		Debug|Any CPU = Debug|Any CPU
		Release|Any CPU = Release|Any CPU
	EndGlobalSection
	GlobalSection(ProjectConfigurationPlatforms) = postSolution
		{3C83BE2C-58FC-45E4-8FFF-4F21F8B5DA6E}.Debug|Any CPU.ActiveCfg = Debug|Any CPU
		{3C83BE2C-58FC-45E4-8FFF-4F21F8B5DA6E}.Debug|Any CPU.Build.0 = Debug|Any CPU
		{3C83BE2C-58FC-45E4-8FFF-4F21F8B5DA6E}.Release|Any CPU.ActiveCfg = Release|Any CPU
		{3C83BE2C-58FC-45E4-8FFF-4F21F8B5DA6E}.Release|Any CPU.Build.0 = Release|Any CPU
		{644A1F47-DAD1-4E84-8C45-5B12111355BF}.Debug|Any CPU.ActiveCfg = Debug|Any CPU
		{644A1F47-DAD1-4E84-8C45-5B12111355BF}.Debug|Any CPU.Build.0 = Debug|Any CPU
		{644A1F47-DAD1-4E84-8C45-5B12111355BF}.Release|Any CPU.ActiveCfg = Release|Any CPU
		{644A1F47-DAD1-4E84-8C45-5B12111355BF}.Release|Any CPU.Build.0 = Release|Any CPU
		{5F30EC44-BACF-4661-B800-AEB4EFCA48C6}.Debug|Any CPU.ActiveCfg = Debug|Any CPU
		{5F30EC44-BACF-4661-B800-AEB4EFCA48C6}.Debug|Any CPU.Build.0 = Debug|Any CPU
		{5F30EC44-BACF-4661-B800-AEB4EFCA48C6}.Release|Any CPU.ActiveCfg = Release|Any CPU
		{5F30EC44-BACF-4661-B800-AEB4EFCA48C6}.Release|Any CPU.Build.0 = Release|Any CPU
		{929A235A-5B3E-4D5C-A0DA-11751AFCFC70}.Debug|Any CPU.ActiveCfg = Debug|Any CPU
		{929A235A-5B3E-4D5C-A0DA-11751AFCFC70}.Debug|Any CPU.Build.0 = Debug|Any CPU
		{929A235A-5B3E-4D5C-A0DA-11751AFCFC70}.Release|Any CPU.ActiveCfg = Release|Any CPU
		{929A235A-5B3E-4D5C-A0DA-11751AFCFC70}.Release|Any CPU.Build.0 = Release|Any CPU
		{7E884789-FA57-4830-B326-9F9FE10B4ED5}.Debug|Any CPU.ActiveCfg = Debug|Any CPU
		{7E884789-FA57-4830-B326-9F9FE10B4ED5}.Debug|Any CPU.Build.0 = Debug|Any CPU
		{7E884789-FA57-4830-B326-9F9FE10B4ED5}.Release|Any CPU.ActiveCfg = Release|Any CPU
		{7E884789-FA57-4830-B326-9F9FE10B4ED5}.Release|Any CPU.Build.0 = Release|Any CPU
		{7DEDB9E1-83D3-4A1C-A099-D4CF1F1404E1}.Debug|Any CPU.ActiveCfg = Debug|Any CPU
		{7DEDB9E1-83D3-4A1C-A099-D4CF1F1404E1}.Debug|Any CPU.Build.0 = Debug|Any CPU
		{7DEDB9E1-83D3-4A1C-A099-D4CF1F1404E1}.Release|Any CPU.ActiveCfg = Release|Any CPU
		{7DEDB9E1-83D3-4A1C-A099-D4CF1F1404E1}.Release|Any CPU.Build.0 = Release|Any CPU
		{1C2B8CCB-6397-474B-A8F7-08EFAA8346DD}.Debug|Any CPU.ActiveCfg = Debug|Any CPU
		{1C2B8CCB-6397-474B-A8F7-08EFAA8346DD}.Debug|Any CPU.Build.0 = Debug|Any CPU
		{1C2B8CCB-6397-474B-A8F7-08EFAA8346DD}.Release|Any CPU.ActiveCfg = Release|Any CPU
		{1C2B8CCB-6397-474B-A8F7-08EFAA8346DD}.Release|Any CPU.Build.0 = Release|Any CPU
		{6D3C35D9-B4D8-4F7F-B975-8347AA16D599}.Debug|Any CPU.ActiveCfg = Debug|Any CPU
		{6D3C35D9-B4D8-4F7F-B975-8347AA16D599}.Debug|Any CPU.Build.0 = Debug|Any CPU
		{6D3C35D9-B4D8-4F7F-B975-8347AA16D599}.Release|Any CPU.ActiveCfg = Release|Any CPU
		{6D3C35D9-B4D8-4F7F-B975-8347AA16D599}.Release|Any CPU.Build.0 = Release|Any CPU
		{916B2347-0003-4ACE-BEBF-CD91D149EFD4}.Debug|Any CPU.ActiveCfg = Debug|Any CPU
		{916B2347-0003-4ACE-BEBF-CD91D149EFD4}.Debug|Any CPU.Build.0 = Debug|Any CPU
		{916B2347-0003-4ACE-BEBF-CD91D149EFD4}.Release|Any CPU.ActiveCfg = Release|Any CPU
		{916B2347-0003-4ACE-BEBF-CD91D149EFD4}.Release|Any CPU.Build.0 = Release|Any CPU
		{8F8686FB-9C3F-4685-9978-4C92B7A95124}.Debug|Any CPU.ActiveCfg = Debug|Any CPU
		{8F8686FB-9C3F-4685-9978-4C92B7A95124}.Debug|Any CPU.Build.0 = Debug|Any CPU
		{8F8686FB-9C3F-4685-9978-4C92B7A95124}.Release|Any CPU.ActiveCfg = Release|Any CPU
		{8F8686FB-9C3F-4685-9978-4C92B7A95124}.Release|Any CPU.Build.0 = Release|Any CPU
		{5017FDB7-74F0-44D4-8FA2-684ACB2BAA40}.Debug|Any CPU.ActiveCfg = Debug|Any CPU
		{5017FDB7-74F0-44D4-8FA2-684ACB2BAA40}.Debug|Any CPU.Build.0 = Debug|Any CPU
		{5017FDB7-74F0-44D4-8FA2-684ACB2BAA40}.Release|Any CPU.ActiveCfg = Release|Any CPU
		{5017FDB7-74F0-44D4-8FA2-684ACB2BAA40}.Release|Any CPU.Build.0 = Release|Any CPU
		{478DB95F-2FFC-474C-B968-366586CC097E}.Debug|Any CPU.ActiveCfg = Debug|Any CPU
		{478DB95F-2FFC-474C-B968-366586CC097E}.Debug|Any CPU.Build.0 = Debug|Any CPU
		{478DB95F-2FFC-474C-B968-366586CC097E}.Release|Any CPU.ActiveCfg = Release|Any CPU
		{478DB95F-2FFC-474C-B968-366586CC097E}.Release|Any CPU.Build.0 = Release|Any CPU
		{26E5D214-7D15-4515-85ED-35388280E0A7}.Debug|Any CPU.ActiveCfg = Debug|Any CPU
		{26E5D214-7D15-4515-85ED-35388280E0A7}.Debug|Any CPU.Build.0 = Debug|Any CPU
		{26E5D214-7D15-4515-85ED-35388280E0A7}.Release|Any CPU.ActiveCfg = Release|Any CPU
		{26E5D214-7D15-4515-85ED-35388280E0A7}.Release|Any CPU.Build.0 = Release|Any CPU
		{2881DF99-7510-4192-B799-D649AA511D81}.Debug|Any CPU.ActiveCfg = Debug|Any CPU
		{2881DF99-7510-4192-B799-D649AA511D81}.Debug|Any CPU.Build.0 = Debug|Any CPU
		{2881DF99-7510-4192-B799-D649AA511D81}.Release|Any CPU.ActiveCfg = Release|Any CPU
		{2881DF99-7510-4192-B799-D649AA511D81}.Release|Any CPU.Build.0 = Release|Any CPU
		{70443C41-E0AE-4070-B8DB-ED87FEAF9D82}.Debug|Any CPU.ActiveCfg = Debug|Any CPU
		{70443C41-E0AE-4070-B8DB-ED87FEAF9D82}.Debug|Any CPU.Build.0 = Debug|Any CPU
		{70443C41-E0AE-4070-B8DB-ED87FEAF9D82}.Release|Any CPU.ActiveCfg = Release|Any CPU
		{70443C41-E0AE-4070-B8DB-ED87FEAF9D82}.Release|Any CPU.Build.0 = Release|Any CPU
		{C4C1E313-5C30-4A95-8000-53B80EBBE597}.Debug|Any CPU.ActiveCfg = Debug|Any CPU
		{C4C1E313-5C30-4A95-8000-53B80EBBE597}.Debug|Any CPU.Build.0 = Debug|Any CPU
		{C4C1E313-5C30-4A95-8000-53B80EBBE597}.Release|Any CPU.ActiveCfg = Release|Any CPU
		{C4C1E313-5C30-4A95-8000-53B80EBBE597}.Release|Any CPU.Build.0 = Release|Any CPU
		{EA7B99B5-A236-44D0-9B0C-6BCE4D907CF0}.Debug|Any CPU.ActiveCfg = Debug|Any CPU
		{EA7B99B5-A236-44D0-9B0C-6BCE4D907CF0}.Debug|Any CPU.Build.0 = Debug|Any CPU
		{EA7B99B5-A236-44D0-9B0C-6BCE4D907CF0}.Release|Any CPU.ActiveCfg = Release|Any CPU
		{EA7B99B5-A236-44D0-9B0C-6BCE4D907CF0}.Release|Any CPU.Build.0 = Release|Any CPU
		{9D68562A-82AF-499A-81E2-BC081E0F4F90}.Debug|Any CPU.ActiveCfg = Debug|Any CPU
		{9D68562A-82AF-499A-81E2-BC081E0F4F90}.Debug|Any CPU.Build.0 = Debug|Any CPU
		{9D68562A-82AF-499A-81E2-BC081E0F4F90}.Release|Any CPU.ActiveCfg = Release|Any CPU
		{9D68562A-82AF-499A-81E2-BC081E0F4F90}.Release|Any CPU.Build.0 = Release|Any CPU
		{96DA8E54-6B37-40A0-B92E-C1538D2EC75E}.Debug|Any CPU.ActiveCfg = Debug|Any CPU
		{96DA8E54-6B37-40A0-B92E-C1538D2EC75E}.Debug|Any CPU.Build.0 = Debug|Any CPU
		{96DA8E54-6B37-40A0-B92E-C1538D2EC75E}.Release|Any CPU.ActiveCfg = Release|Any CPU
		{96DA8E54-6B37-40A0-B92E-C1538D2EC75E}.Release|Any CPU.Build.0 = Release|Any CPU
	EndGlobalSection
	GlobalSection(SolutionProperties) = preSolution
		HideSolutionNode = FALSE
	EndGlobalSection
	GlobalSection(NestedProjects) = preSolution
		{6C68BD0E-23E2-4E49-8716-A57AC2151953} = {FA27127D-05B0-498E-9B97-D704E206CE8D}
		{1462E7A1-2320-41A9-9F91-C672A58B6015} = {6C68BD0E-23E2-4E49-8716-A57AC2151953}
		{3C83BE2C-58FC-45E4-8FFF-4F21F8B5DA6E} = {5615407E-CE72-422E-8360-BBD70B82A00B}
		{644A1F47-DAD1-4E84-8C45-5B12111355BF} = {5615407E-CE72-422E-8360-BBD70B82A00B}
		{5F30EC44-BACF-4661-B800-AEB4EFCA48C6} = {5615407E-CE72-422E-8360-BBD70B82A00B}
		{929A235A-5B3E-4D5C-A0DA-11751AFCFC70} = {5615407E-CE72-422E-8360-BBD70B82A00B}
		{7E884789-FA57-4830-B326-9F9FE10B4ED5} = {5615407E-CE72-422E-8360-BBD70B82A00B}
		{7DEDB9E1-83D3-4A1C-A099-D4CF1F1404E1} = {5615407E-CE72-422E-8360-BBD70B82A00B}
		{1C2B8CCB-6397-474B-A8F7-08EFAA8346DD} = {1462E7A1-2320-41A9-9F91-C672A58B6015}
		{6D3C35D9-B4D8-4F7F-B975-8347AA16D599} = {2AC5D1CA-B35F-4F7F-84FB-751CF4DD80AD}
		{916B2347-0003-4ACE-BEBF-CD91D149EFD4} = {5615407E-CE72-422E-8360-BBD70B82A00B}
		{2636E8A7-6F81-4AB6-A4DC-F15A09CC20EB} = {6C68BD0E-23E2-4E49-8716-A57AC2151953}
		{8F8686FB-9C3F-4685-9978-4C92B7A95124} = {2636E8A7-6F81-4AB6-A4DC-F15A09CC20EB}
		{5017FDB7-74F0-44D4-8FA2-684ACB2BAA40} = {1462E7A1-2320-41A9-9F91-C672A58B6015}
		{478DB95F-2FFC-474C-B968-366586CC097E} = {2636E8A7-6F81-4AB6-A4DC-F15A09CC20EB}
		{26E5D214-7D15-4515-85ED-35388280E0A7} = {1462E7A1-2320-41A9-9F91-C672A58B6015}
		{2881DF99-7510-4192-B799-D649AA511D81} = {1462E7A1-2320-41A9-9F91-C672A58B6015}
		{70443C41-E0AE-4070-B8DB-ED87FEAF9D82} = {2636E8A7-6F81-4AB6-A4DC-F15A09CC20EB}
		{52319066-7FCC-45FD-A2FA-A0950B7CDB46} = {FA27127D-05B0-498E-9B97-D704E206CE8D}
		{C4C1E313-5C30-4A95-8000-53B80EBBE597} = {52319066-7FCC-45FD-A2FA-A0950B7CDB46}
		{EA7B99B5-A236-44D0-9B0C-6BCE4D907CF0} = {52319066-7FCC-45FD-A2FA-A0950B7CDB46}
		{5615407E-CE72-422E-8360-BBD70B82A00B} = {FA27127D-05B0-498E-9B97-D704E206CE8D}
		{9D68562A-82AF-499A-81E2-BC081E0F4F90} = {5615407E-CE72-422E-8360-BBD70B82A00B}
		{96DA8E54-6B37-40A0-B92E-C1538D2EC75E} = {5615407E-CE72-422E-8360-BBD70B82A00B}
	EndGlobalSection
EndGlobal
