
Microsoft Visual Studio Solution File, Format Version 12.00
# Visual Studio Version 17
VisualStudioVersion = 17.12.35527.113
MinimumVisualStudioVersion = 10.0.40219.1
Project("{2150E333-8FDC-42A3-9474-1A3956D46DE8}") = "SkySoftFramework", "SkySoftFramework", "{FA27127D-05B0-498E-9B97-D704E206CE8D}"
EndProject
Project("{2150E333-8FDC-42A3-9474-1A3956D46DE8}") = "UseCases", "UseCases", "{40BD134E-47AC-426C-B492-D25A82B06B09}"
EndProject
Project("{2150E333-8FDC-42A3-9474-1A3956D46DE8}") = "BPP.Person", "BPP.Person", "{B3011872-CC19-4E39-85FC-2F5CDDCA432C}"
EndProject
Project("{2150E333-8FDC-42A3-9474-1A3956D46DE8}") = "Application", "Application", "{2AC5D1CA-B35F-4F7F-84FB-751CF4DD80AD}"
EndProject
Project("{2150E333-8FDC-42A3-9474-1A3956D46DE8}") = "UseCases", "UseCases", "{9C6392C8-3269-49FB-97D2-6CB041CE28B9}"
EndProject
Project("{2150E333-8FDC-42A3-9474-1A3956D46DE8}") = "SkySoft.DnsServer", "SkySoft.DnsServer", "{0B9D6971-C338-4E3B-B736-61E3CD3824CB}"
EndProject
Project("{FAE04EC0-301F-11D3-BF4B-00C04F79EFBC}") = "SkySoft.Contracts", "..\SkySoftFramework\SkySoft.Contracts\SkySoft.Contracts.csproj", "{D6E9E0BE-E7E1-421A-91B5-4717128BA53C}"
EndProject
Project("{FAE04EC0-301F-11D3-BF4B-00C04F79EFBC}") = "SkySoft.Core", "..\SkySoftFramework\SkySoft.Core\SkySoft.Core.csproj", "{DD56BA86-F1B7-4288-AA19-121B60E99727}"
EndProject
Project("{FAE04EC0-301F-11D3-BF4B-00C04F79EFBC}") = "SkySoft.ICommunication", "..\SkySoftFramework\SkySoft.ICommunication\SkySoft.ICommunication.csproj", "{DF42FC60-0328-4891-9E17-A84FCD1D5CD9}"
EndProject
Project("{FAE04EC0-301F-11D3-BF4B-00C04F79EFBC}") = "SkySoft.IBPPApplication", "..\SkySoftFramework\SkySoft.IBPPApplication\SkySoft.IBPPApplication.csproj", "{3AD7E764-5C99-4A0D-BCFA-EB4FAEBFB770}"
EndProject
Project("{FAE04EC0-301F-11D3-BF4B-00C04F79EFBC}") = "SkySoft.Communication", "..\SkySoftFramework\SkySoft.Communication\SkySoft.Communication.csproj", "{868FA4C0-14B6-4640-8EAE-8B1DB9279979}"
EndProject
Project("{FAE04EC0-301F-11D3-BF4B-00C04F79EFBC}") = "SkySoft.BPPApplication", "..\SkySoftFramework\SkySoft.BPPApplication\SkySoft.BPPApplication.csproj", "{2F710709-D69A-455D-925C-ACA41D106E1E}"
EndProject
Project("{FAE04EC0-301F-11D3-BF4B-00C04F79EFBC}") = "SkySoft.DnsServer.CON", "..\SkySoftFramework\SkySoft.DnsServer.CON\SkySoft.DnsServer.CON.csproj", "{B1BBD29B-5095-4144-A72C-D188368A9636}"
EndProject
Project("{FAE04EC0-301F-11D3-BF4B-00C04F79EFBC}") = "BPP.Person.CON", "..\BPPUseCases\BPP.Person.CON\BPP.Person.CON.csproj", "{1BB93F67-DA4F-41A7-A308-D5E925F881D1}"
EndProject
Project("{FAE04EC0-301F-11D3-BF4B-00C04F79EFBC}") = "BPP.Person.DTI", "..\BPPUseCases\BPP.Person.DTI\BPP.Person.DTI.csproj", "{654C62A2-ED86-4953-916F-C1B36ECAA5CE}"
EndProject
Project("{FAE04EC0-301F-11D3-BF4B-00C04F79EFBC}") = "BPP.Person.DTO", "..\BPPUseCases\BPP.Person.DTO\BPP.Person.DTO.csproj", "{09AB19E1-0374-4C73-9A26-6465FE9415EB}"
EndProject
Project("{FAE04EC0-301F-11D3-BF4B-00C04F79EFBC}") = "BPP.Person.DPLAPI.Tests", "..\BPPUseCasesTests\BPP.Person.DPLAPI.Tests\BPP.Person.DPLAPI.Tests.csproj", "{35B4FF4F-4F32-4935-A83D-4CAC07D4AD86}"
EndProject
Project("{2150E333-8FDC-42A3-9474-1A3956D46DE8}") = "SkySoft.APIHost", "SkySoft.APIHost", "{19EF3073-B707-48B3-9742-C3CD985E7CC5}"
EndProject
Project("{FAE04EC0-301F-11D3-BF4B-00C04F79EFBC}") = "SkySoft.APIHost.DPL", "..\SkySoftFramework\SkySoft.APIHost.DPL\SkySoft.APIHost.DPL.csproj", "{9F275DEB-3036-42E9-BBFD-C1CDAA481A30}"
EndProject
Project("{2150E333-8FDC-42A3-9474-1A3956D46DE8}") = "Components", "Components", "{79A7B94F-0AAD-42C2-9715-D52EEF33775A}"
EndProject
Project("{2150E333-8FDC-42A3-9474-1A3956D46DE8}") = "Data", "Data", "{DF669222-1B5B-4784-82AB-897422DA50DA}"
EndProject
Project("{FAE04EC0-301F-11D3-BF4B-00C04F79EFBC}") = "SkySoft.BPPApplication.CFG", "..\SkySoftFramework\SkySoft.BPPApplication.CFG\SkySoft.BPPApplication.CFG.csproj", "{5676E41C-F7CE-4015-89A4-ABBB4A2CD334}"
EndProject
Project("{FAE04EC0-301F-11D3-BF4B-00C04F79EFBC}") = "SkySoft.BPPApplication.Runtime", "..\SkySoftFramework\SkySoft.BPPApplication.Runtime\SkySoft.BPPApplication.Runtime.csproj", "{6560AEAE-D320-4E3F-A026-403E3B748563}"
EndProject
Project("{FAE04EC0-301F-11D3-BF4B-00C04F79EFBC}") = "SkySoft.DnsRecord.DTI", "..\SkySoftFramework\SkySoft.DnsRecord.DTI\SkySoft.DnsRecord.DTI.csproj", "{46E5748D-DBFC-4F70-B778-BB69C03258EE}"
EndProject
Project("{FAE04EC0-301F-11D3-BF4B-00C04F79EFBC}") = "SkySoft.DnsRecord.DTO", "..\SkySoftFramework\SkySoft.DnsRecord.DTO\SkySoft.DnsRecord.DTO.csproj", "{B81A495E-3098-44FF-95F9-6ECAFEC9E747}"
EndProject
Project("{FAE04EC0-301F-11D3-BF4B-00C04F79EFBC}") = "SkySoft.APIHost.CON", "..\SkySoftFramework\SkySoft.APIHost.CON\SkySoft.APIHost.CON.csproj", "{5D1EDA94-E410-42BB-BE43-E59CE1926D82}"
EndProject
Project("{FAE04EC0-301F-11D3-BF4B-00C04F79EFBC}") = "SkySoft.APIHost.INI", "..\SkySoftFramework\SkySoft.APIHost.INI\SkySoft.APIHost.INI.csproj", "{94B4EEFC-182D-4DCA-AA7E-D193F200A918}"
EndProject
Project("{FAE04EC0-301F-11D3-BF4B-00C04F79EFBC}") = "SkySoft.APIHost.CFG", "..\SkySoftFramework\SkySoft.APIHost.CFG\SkySoft.APIHost.CFG.csproj", "{781754EE-B19D-4E5E-A1ED-B8FC11281E98}"
EndProject
Project("{2150E333-8FDC-42A3-9474-1A3956D46DE8}") = "BPPApplication", "BPPApplication", "{6EFC9EE4-443A-41A8-AADA-D6E9C5A831C0}"
EndProject
Project("{2150E333-8FDC-42A3-9474-1A3956D46DE8}") = "Communication", "Communication", "{8310D330-3B86-40C0-95D3-81E3CA89D422}"
EndProject
Project("{2150E333-8FDC-42A3-9474-1A3956D46DE8}") = "Core", "Core", "{2118FF5B-6FEB-4CD5-9F10-98C6A5BA054C}"
EndProject
Project("{2150E333-8FDC-42A3-9474-1A3956D46DE8}") = "Http", "Http", "{9C1583CD-D1E9-469C-BC7A-C723C7A11A0F}"
EndProject
Project("{FAE04EC0-301F-11D3-BF4B-00C04F79EFBC}") = "SkySoft.DnsClientServerComponents", "..\SkySoftFramework\SkySoft.DnsClientServerComponents\SkySoft.DnsClientServerComponents.csproj", "{6011725D-72F7-4F0E-B13A-3FA789AB2F87}"
EndProject
Project("{FAE04EC0-301F-11D3-BF4B-00C04F79EFBC}") = "SkySoft.Http", "..\SkySoftFramework\SkySoft.Http\SkySoft.Http.csproj", "{C22D5C7A-6232-4082-BBAF-0852A5063728}"
EndProject
Project("{FAE04EC0-301F-11D3-BF4B-00C04F79EFBC}") = "SkySoft.Http.CFG", "..\SkySoftFramework\SkySoft.Http.CFG\SkySoft.Http.CFG.csproj", "{8CE75A5C-54B3-437D-96C9-967A746318C2}"
EndProject
Project("{FAE04EC0-301F-11D3-BF4B-00C04F79EFBC}") = "SkySoft.Http.DRV", "..\SkySoftFramework\SkySoft.Http.DRV\SkySoft.Http.DRV.csproj", "{C818AEA3-1DE7-4167-B701-4A373C975B22}"
EndProject
Global
	GlobalSection(SolutionConfigurationPlatforms) = preSolution
		Debug|Any CPU = Debug|Any CPU
		Release|Any CPU = Release|Any CPU
	EndGlobalSection
	GlobalSection(ProjectConfigurationPlatforms) = postSolution
		{D6E9E0BE-E7E1-421A-91B5-4717128BA53C}.Debug|Any CPU.ActiveCfg = Debug|Any CPU
		{D6E9E0BE-E7E1-421A-91B5-4717128BA53C}.Debug|Any CPU.Build.0 = Debug|Any CPU
		{D6E9E0BE-E7E1-421A-91B5-4717128BA53C}.Release|Any CPU.ActiveCfg = Release|Any CPU
		{D6E9E0BE-E7E1-421A-91B5-4717128BA53C}.Release|Any CPU.Build.0 = Release|Any CPU
		{DD56BA86-F1B7-4288-AA19-121B60E99727}.Debug|Any CPU.ActiveCfg = Debug|Any CPU
		{DD56BA86-F1B7-4288-AA19-121B60E99727}.Debug|Any CPU.Build.0 = Debug|Any CPU
		{DD56BA86-F1B7-4288-AA19-121B60E99727}.Release|Any CPU.ActiveCfg = Release|Any CPU
		{DD56BA86-F1B7-4288-AA19-121B60E99727}.Release|Any CPU.Build.0 = Release|Any CPU
		{DF42FC60-0328-4891-9E17-A84FCD1D5CD9}.Debug|Any CPU.ActiveCfg = Debug|Any CPU
		{DF42FC60-0328-4891-9E17-A84FCD1D5CD9}.Debug|Any CPU.Build.0 = Debug|Any CPU
		{DF42FC60-0328-4891-9E17-A84FCD1D5CD9}.Release|Any CPU.ActiveCfg = Release|Any CPU
		{DF42FC60-0328-4891-9E17-A84FCD1D5CD9}.Release|Any CPU.Build.0 = Release|Any CPU
		{3AD7E764-5C99-4A0D-BCFA-EB4FAEBFB770}.Debug|Any CPU.ActiveCfg = Debug|Any CPU
		{3AD7E764-5C99-4A0D-BCFA-EB4FAEBFB770}.Debug|Any CPU.Build.0 = Debug|Any CPU
		{3AD7E764-5C99-4A0D-BCFA-EB4FAEBFB770}.Release|Any CPU.ActiveCfg = Release|Any CPU
		{3AD7E764-5C99-4A0D-BCFA-EB4FAEBFB770}.Release|Any CPU.Build.0 = Release|Any CPU
		{868FA4C0-14B6-4640-8EAE-8B1DB9279979}.Debug|Any CPU.ActiveCfg = Debug|Any CPU
		{868FA4C0-14B6-4640-8EAE-8B1DB9279979}.Debug|Any CPU.Build.0 = Debug|Any CPU
		{868FA4C0-14B6-4640-8EAE-8B1DB9279979}.Release|Any CPU.ActiveCfg = Release|Any CPU
		{868FA4C0-14B6-4640-8EAE-8B1DB9279979}.Release|Any CPU.Build.0 = Release|Any CPU
		{2F710709-D69A-455D-925C-ACA41D106E1E}.Debug|Any CPU.ActiveCfg = Debug|Any CPU
		{2F710709-D69A-455D-925C-ACA41D106E1E}.Debug|Any CPU.Build.0 = Debug|Any CPU
		{2F710709-D69A-455D-925C-ACA41D106E1E}.Release|Any CPU.ActiveCfg = Release|Any CPU
		{2F710709-D69A-455D-925C-ACA41D106E1E}.Release|Any CPU.Build.0 = Release|Any CPU
		{B1BBD29B-5095-4144-A72C-D188368A9636}.Debug|Any CPU.ActiveCfg = Debug|Any CPU
		{B1BBD29B-5095-4144-A72C-D188368A9636}.Debug|Any CPU.Build.0 = Debug|Any CPU
		{B1BBD29B-5095-4144-A72C-D188368A9636}.Release|Any CPU.ActiveCfg = Release|Any CPU
		{B1BBD29B-5095-4144-A72C-D188368A9636}.Release|Any CPU.Build.0 = Release|Any CPU
		{1BB93F67-DA4F-41A7-A308-D5E925F881D1}.Debug|Any CPU.ActiveCfg = Debug|Any CPU
		{1BB93F67-DA4F-41A7-A308-D5E925F881D1}.Debug|Any CPU.Build.0 = Debug|Any CPU
		{1BB93F67-DA4F-41A7-A308-D5E925F881D1}.Release|Any CPU.ActiveCfg = Release|Any CPU
		{1BB93F67-DA4F-41A7-A308-D5E925F881D1}.Release|Any CPU.Build.0 = Release|Any CPU
		{654C62A2-ED86-4953-916F-C1B36ECAA5CE}.Debug|Any CPU.ActiveCfg = Debug|Any CPU
		{654C62A2-ED86-4953-916F-C1B36ECAA5CE}.Debug|Any CPU.Build.0 = Debug|Any CPU
		{654C62A2-ED86-4953-916F-C1B36ECAA5CE}.Release|Any CPU.ActiveCfg = Release|Any CPU
		{654C62A2-ED86-4953-916F-C1B36ECAA5CE}.Release|Any CPU.Build.0 = Release|Any CPU
		{09AB19E1-0374-4C73-9A26-6465FE9415EB}.Debug|Any CPU.ActiveCfg = Debug|Any CPU
		{09AB19E1-0374-4C73-9A26-6465FE9415EB}.Debug|Any CPU.Build.0 = Debug|Any CPU
		{09AB19E1-0374-4C73-9A26-6465FE9415EB}.Release|Any CPU.ActiveCfg = Release|Any CPU
		{09AB19E1-0374-4C73-9A26-6465FE9415EB}.Release|Any CPU.Build.0 = Release|Any CPU
		{35B4FF4F-4F32-4935-A83D-4CAC07D4AD86}.Debug|Any CPU.ActiveCfg = Debug|Any CPU
		{35B4FF4F-4F32-4935-A83D-4CAC07D4AD86}.Debug|Any CPU.Build.0 = Debug|Any CPU
		{35B4FF4F-4F32-4935-A83D-4CAC07D4AD86}.Release|Any CPU.ActiveCfg = Release|Any CPU
		{35B4FF4F-4F32-4935-A83D-4CAC07D4AD86}.Release|Any CPU.Build.0 = Release|Any CPU
		{9F275DEB-3036-42E9-BBFD-C1CDAA481A30}.Debug|Any CPU.ActiveCfg = Debug|Any CPU
		{9F275DEB-3036-42E9-BBFD-C1CDAA481A30}.Debug|Any CPU.Build.0 = Debug|Any CPU
		{9F275DEB-3036-42E9-BBFD-C1CDAA481A30}.Release|Any CPU.ActiveCfg = Release|Any CPU
		{9F275DEB-3036-42E9-BBFD-C1CDAA481A30}.Release|Any CPU.Build.0 = Release|Any CPU
		{5676E41C-F7CE-4015-89A4-ABBB4A2CD334}.Debug|Any CPU.ActiveCfg = Debug|Any CPU
		{5676E41C-F7CE-4015-89A4-ABBB4A2CD334}.Debug|Any CPU.Build.0 = Debug|Any CPU
		{5676E41C-F7CE-4015-89A4-ABBB4A2CD334}.Release|Any CPU.ActiveCfg = Release|Any CPU
		{5676E41C-F7CE-4015-89A4-ABBB4A2CD334}.Release|Any CPU.Build.0 = Release|Any CPU
		{6560AEAE-D320-4E3F-A026-403E3B748563}.Debug|Any CPU.ActiveCfg = Debug|Any CPU
		{6560AEAE-D320-4E3F-A026-403E3B748563}.Debug|Any CPU.Build.0 = Debug|Any CPU
		{6560AEAE-D320-4E3F-A026-403E3B748563}.Release|Any CPU.ActiveCfg = Release|Any CPU
		{6560AEAE-D320-4E3F-A026-403E3B748563}.Release|Any CPU.Build.0 = Release|Any CPU
		{46E5748D-DBFC-4F70-B778-BB69C03258EE}.Debug|Any CPU.ActiveCfg = Debug|Any CPU
		{46E5748D-DBFC-4F70-B778-BB69C03258EE}.Debug|Any CPU.Build.0 = Debug|Any CPU
		{46E5748D-DBFC-4F70-B778-BB69C03258EE}.Release|Any CPU.ActiveCfg = Release|Any CPU
		{46E5748D-DBFC-4F70-B778-BB69C03258EE}.Release|Any CPU.Build.0 = Release|Any CPU
		{B81A495E-3098-44FF-95F9-6ECAFEC9E747}.Debug|Any CPU.ActiveCfg = Debug|Any CPU
		{B81A495E-3098-44FF-95F9-6ECAFEC9E747}.Debug|Any CPU.Build.0 = Debug|Any CPU
		{B81A495E-3098-44FF-95F9-6ECAFEC9E747}.Release|Any CPU.ActiveCfg = Release|Any CPU
		{B81A495E-3098-44FF-95F9-6ECAFEC9E747}.Release|Any CPU.Build.0 = Release|Any CPU
		{5D1EDA94-E410-42BB-BE43-E59CE1926D82}.Debug|Any CPU.ActiveCfg = Debug|Any CPU
		{5D1EDA94-E410-42BB-BE43-E59CE1926D82}.Debug|Any CPU.Build.0 = Debug|Any CPU
		{5D1EDA94-E410-42BB-BE43-E59CE1926D82}.Release|Any CPU.ActiveCfg = Release|Any CPU
		{5D1EDA94-E410-42BB-BE43-E59CE1926D82}.Release|Any CPU.Build.0 = Release|Any CPU
		{94B4EEFC-182D-4DCA-AA7E-D193F200A918}.Debug|Any CPU.ActiveCfg = Debug|Any CPU
		{94B4EEFC-182D-4DCA-AA7E-D193F200A918}.Debug|Any CPU.Build.0 = Debug|Any CPU
		{94B4EEFC-182D-4DCA-AA7E-D193F200A918}.Release|Any CPU.ActiveCfg = Release|Any CPU
		{94B4EEFC-182D-4DCA-AA7E-D193F200A918}.Release|Any CPU.Build.0 = Release|Any CPU
		{781754EE-B19D-4E5E-A1ED-B8FC11281E98}.Debug|Any CPU.ActiveCfg = Debug|Any CPU
		{781754EE-B19D-4E5E-A1ED-B8FC11281E98}.Debug|Any CPU.Build.0 = Debug|Any CPU
		{781754EE-B19D-4E5E-A1ED-B8FC11281E98}.Release|Any CPU.ActiveCfg = Release|Any CPU
		{781754EE-B19D-4E5E-A1ED-B8FC11281E98}.Release|Any CPU.Build.0 = Release|Any CPU
		{6011725D-72F7-4F0E-B13A-3FA789AB2F87}.Debug|Any CPU.ActiveCfg = Debug|Any CPU
		{6011725D-72F7-4F0E-B13A-3FA789AB2F87}.Debug|Any CPU.Build.0 = Debug|Any CPU
		{6011725D-72F7-4F0E-B13A-3FA789AB2F87}.Release|Any CPU.ActiveCfg = Release|Any CPU
		{6011725D-72F7-4F0E-B13A-3FA789AB2F87}.Release|Any CPU.Build.0 = Release|Any CPU
		{C22D5C7A-6232-4082-BBAF-0852A5063728}.Debug|Any CPU.ActiveCfg = Debug|Any CPU
		{C22D5C7A-6232-4082-BBAF-0852A5063728}.Debug|Any CPU.Build.0 = Debug|Any CPU
		{C22D5C7A-6232-4082-BBAF-0852A5063728}.Release|Any CPU.ActiveCfg = Release|Any CPU
		{C22D5C7A-6232-4082-BBAF-0852A5063728}.Release|Any CPU.Build.0 = Release|Any CPU
		{8CE75A5C-54B3-437D-96C9-967A746318C2}.Debug|Any CPU.ActiveCfg = Debug|Any CPU
		{8CE75A5C-54B3-437D-96C9-967A746318C2}.Debug|Any CPU.Build.0 = Debug|Any CPU
		{8CE75A5C-54B3-437D-96C9-967A746318C2}.Release|Any CPU.ActiveCfg = Release|Any CPU
		{8CE75A5C-54B3-437D-96C9-967A746318C2}.Release|Any CPU.Build.0 = Release|Any CPU
		{C818AEA3-1DE7-4167-B701-4A373C975B22}.Debug|Any CPU.ActiveCfg = Debug|Any CPU
		{C818AEA3-1DE7-4167-B701-4A373C975B22}.Debug|Any CPU.Build.0 = Debug|Any CPU
		{C818AEA3-1DE7-4167-B701-4A373C975B22}.Release|Any CPU.ActiveCfg = Release|Any CPU
		{C818AEA3-1DE7-4167-B701-4A373C975B22}.Release|Any CPU.Build.0 = Release|Any CPU
	EndGlobalSection
	GlobalSection(SolutionProperties) = preSolution
		HideSolutionNode = FALSE
	EndGlobalSection
	GlobalSection(NestedProjects) = preSolution
		{B3011872-CC19-4E39-85FC-2F5CDDCA432C} = {40BD134E-47AC-426C-B492-D25A82B06B09}
		{9C6392C8-3269-49FB-97D2-6CB041CE28B9} = {FA27127D-05B0-498E-9B97-D704E206CE8D}
		{0B9D6971-C338-4E3B-B736-61E3CD3824CB} = {9C6392C8-3269-49FB-97D2-6CB041CE28B9}
		{D6E9E0BE-E7E1-421A-91B5-4717128BA53C} = {2118FF5B-6FEB-4CD5-9F10-98C6A5BA054C}
		{DD56BA86-F1B7-4288-AA19-121B60E99727} = {2118FF5B-6FEB-4CD5-9F10-98C6A5BA054C}
		{DF42FC60-0328-4891-9E17-A84FCD1D5CD9} = {8310D330-3B86-40C0-95D3-81E3CA89D422}
		{3AD7E764-5C99-4A0D-BCFA-EB4FAEBFB770} = {6EFC9EE4-443A-41A8-AADA-D6E9C5A831C0}
		{868FA4C0-14B6-4640-8EAE-8B1DB9279979} = {8310D330-3B86-40C0-95D3-81E3CA89D422}
		{2F710709-D69A-455D-925C-ACA41D106E1E} = {6EFC9EE4-443A-41A8-AADA-D6E9C5A831C0}
		{B1BBD29B-5095-4144-A72C-D188368A9636} = {0B9D6971-C338-4E3B-B736-61E3CD3824CB}
		{1BB93F67-DA4F-41A7-A308-D5E925F881D1} = {B3011872-CC19-4E39-85FC-2F5CDDCA432C}
		{654C62A2-ED86-4953-916F-C1B36ECAA5CE} = {B3011872-CC19-4E39-85FC-2F5CDDCA432C}
		{09AB19E1-0374-4C73-9A26-6465FE9415EB} = {B3011872-CC19-4E39-85FC-2F5CDDCA432C}
		{35B4FF4F-4F32-4935-A83D-4CAC07D4AD86} = {2AC5D1CA-B35F-4F7F-84FB-751CF4DD80AD}
		{19EF3073-B707-48B3-9742-C3CD985E7CC5} = {9C6392C8-3269-49FB-97D2-6CB041CE28B9}
		{9F275DEB-3036-42E9-BBFD-C1CDAA481A30} = {19EF3073-B707-48B3-9742-C3CD985E7CC5}
		{79A7B94F-0AAD-42C2-9715-D52EEF33775A} = {FA27127D-05B0-498E-9B97-D704E206CE8D}
		{DF669222-1B5B-4784-82AB-897422DA50DA} = {FA27127D-05B0-498E-9B97-D704E206CE8D}
		{5676E41C-F7CE-4015-89A4-ABBB4A2CD334} = {6EFC9EE4-443A-41A8-AADA-D6E9C5A831C0}
		{6560AEAE-D320-4E3F-A026-403E3B748563} = {6EFC9EE4-443A-41A8-AADA-D6E9C5A831C0}
		{46E5748D-DBFC-4F70-B778-BB69C03258EE} = {DF669222-1B5B-4784-82AB-897422DA50DA}
		{B81A495E-3098-44FF-95F9-6ECAFEC9E747} = {DF669222-1B5B-4784-82AB-897422DA50DA}
		{5D1EDA94-E410-42BB-BE43-E59CE1926D82} = {19EF3073-B707-48B3-9742-C3CD985E7CC5}
		{94B4EEFC-182D-4DCA-AA7E-D193F200A918} = {19EF3073-B707-48B3-9742-C3CD985E7CC5}
		{781754EE-B19D-4E5E-A1ED-B8FC11281E98} = {19EF3073-B707-48B3-9742-C3CD985E7CC5}
		{6EFC9EE4-443A-41A8-AADA-D6E9C5A831C0} = {79A7B94F-0AAD-42C2-9715-D52EEF33775A}
		{8310D330-3B86-40C0-95D3-81E3CA89D422} = {79A7B94F-0AAD-42C2-9715-D52EEF33775A}
		{2118FF5B-6FEB-4CD5-9F10-98C6A5BA054C} = {79A7B94F-0AAD-42C2-9715-D52EEF33775A}
		{9C1583CD-D1E9-469C-BC7A-C723C7A11A0F} = {79A7B94F-0AAD-42C2-9715-D52EEF33775A}
		{6011725D-72F7-4F0E-B13A-3FA789AB2F87} = {9C1583CD-D1E9-469C-BC7A-C723C7A11A0F}
		{C22D5C7A-6232-4082-BBAF-0852A5063728} = {9C1583CD-D1E9-469C-BC7A-C723C7A11A0F}
		{8CE75A5C-54B3-437D-96C9-967A746318C2} = {9C1583CD-D1E9-469C-BC7A-C723C7A11A0F}
		{C818AEA3-1DE7-4167-B701-4A373C975B22} = {9C1583CD-D1E9-469C-BC7A-C723C7A11A0F}
	EndGlobalSection
EndGlobal
