
Microsoft Visual Studio Solution File, Format Version 12.00
# Visual Studio Version 17
VisualStudioVersion = 17.12.35527.113
MinimumVisualStudioVersion = 10.0.40219.1
Project("{2150E333-8FDC-42A3-9474-1A3956D46DE8}") = "SkySoftFramework", "SkySoftFramework", "{FA27127D-05B0-498E-9B97-D704E206CE8D}"
EndProject
Project("{2150E333-8FDC-42A3-9474-1A3956D46DE8}") = "UseCases", "UseCases", "{40BD134E-47AC-426C-B492-D25A82B06B09}"
EndProject
Project("{2150E333-8FDC-42A3-9474-1A3956D46DE8}") = "BPP.Person", "BPP.Person", "{B3011872-CC19-4E39-85FC-2F5CDDCA432C}"
EndProject
Project("{2150E333-8FDC-42A3-9474-1A3956D46DE8}") = "Application", "Application", "{2AC5D1CA-B35F-4F7F-84FB-751CF4DD80AD}"
EndProject
Project("{2150E333-8FDC-42A3-9474-1A3956D46DE8}") = "UseCases", "UseCases", "{9C6392C8-3269-49FB-97D2-6CB041CE28B9}"
EndProject
Project("{2150E333-8FDC-42A3-9474-1A3956D46DE8}") = "SkySoft.DnsServer", "SkySoft.DnsServer", "{0B9D6971-C338-4E3B-B736-61E3CD3824CB}"
EndProject
Project("{FAE04EC0-301F-11D3-BF4B-00C04F79EFBC}") = "SkySoft.Contracts", "..\SkySoftFramework\SkySoft.Contracts\SkySoft.Contracts.csproj", "{D6E9E0BE-E7E1-421A-91B5-4717128BA53C}"
EndProject
Project("{FAE04EC0-301F-11D3-BF4B-00C04F79EFBC}") = "SkySoft.Core", "..\SkySoftFramework\SkySoft.Core\SkySoft.Core.csproj", "{DD56BA86-F1B7-4288-AA19-121B60E99727}"
EndProject
Project("{FAE04EC0-301F-11D3-BF4B-00C04F79EFBC}") = "SkySoft.ICommunication", "..\SkySoftFramework\SkySoft.ICommunication\SkySoft.ICommunication.csproj", "{DF42FC60-0328-4891-9E17-A84FCD1D5CD9}"
EndProject
Project("{FAE04EC0-301F-11D3-BF4B-00C04F79EFBC}") = "SkySoft.IBPPApplication", "..\SkySoftFramework\SkySoft.IBPPApplication\SkySoft.IBPPApplication.csproj", "{3AD7E764-5C99-4A0D-BCFA-EB4FAEBFB770}"
EndProject
Project("{FAE04EC0-301F-11D3-BF4B-00C04F79EFBC}") = "SkySoft.Communication", "..\SkySoftFramework\SkySoft.Communication\SkySoft.Communication.csproj", "{868FA4C0-14B6-4640-8EAE-8B1DB9279979}"
EndProject
Project("{FAE04EC0-301F-11D3-BF4B-00C04F79EFBC}") = "SkySoft.BPPApplication", "..\SkySoftFramework\SkySoft.BPPApplication\SkySoft.BPPApplication.csproj", "{2F710709-D69A-455D-925C-ACA41D106E1E}"
EndProject
Project("{FAE04EC0-301F-11D3-BF4B-00C04F79EFBC}") = "SkySoft.DnsServer.CON", "..\SkySoftFramework\SkySoft.DnsServer.CON\SkySoft.DnsServer.CON.csproj", "{B1BBD29B-5095-4144-A72C-D188368A9636}"
EndProject
Project("{FAE04EC0-301F-11D3-BF4B-00C04F79EFBC}") = "BPP.Person.CON", "..\BPPUseCases\BPP.Person.CON\BPP.Person.CON.csproj", "{1BB93F67-DA4F-41A7-A308-D5E925F881D1}"
EndProject
Project("{FAE04EC0-301F-11D3-BF4B-00C04F79EFBC}") = "BPP.Person.DTI", "..\BPPUseCases\BPP.Person.DTI\BPP.Person.DTI.csproj", "{654C62A2-ED86-4953-916F-C1B36ECAA5CE}"
EndProject
Project("{FAE04EC0-301F-11D3-BF4B-00C04F79EFBC}") = "BPP.Person.DTO", "..\BPPUseCases\BPP.Person.DTO\BPP.Person.DTO.csproj", "{09AB19E1-0374-4C73-9A26-6465FE9415EB}"
EndProject
Project("{FAE04EC0-301F-11D3-BF4B-00C04F79EFBC}") = "BPP.Person.DALAPI.Tests", "..\BPPUseCasesTests\BPP.Person.DALAPI.Tests\BPP.Person.DALAPI.Tests.csproj", "{D184CB83-60CB-4524-8C5E-969C73F46AB6}"
EndProject
Project("{2150E333-8FDC-42A3-9474-1A3956D46DE8}") = "SkySoft.APIHost", "SkySoft.APIHost", "{9B505033-037C-4478-A4C3-ED3A3105EE08}"
EndProject
Project("{FAE04EC0-301F-11D3-BF4B-00C04F79EFBC}") = "SkySoft.APIHost.CON", "..\SkySoftFramework\SkySoft.APIHost.CON\SkySoft.APIHost.CON.csproj", "{6A39765D-1026-4658-B28A-5BB8114BDD2A}"
EndProject
Project("{FAE04EC0-301F-11D3-BF4B-00C04F79EFBC}") = "SkySoft.APIHost.DPL", "..\SkySoftFramework\SkySoft.APIHost.DPL\SkySoft.APIHost.DPL.csproj", "{4BC6B9E4-B9D5-4229-8691-ACF04EF5E83A}"
EndProject
Project("{2150E333-8FDC-42A3-9474-1A3956D46DE8}") = "Components", "Components", "{274F8714-844A-40F9-9D8C-1F5D8771192F}"
EndProject
Project("{2150E333-8FDC-42A3-9474-1A3956D46DE8}") = "BPPApplication", "BPPApplication", "{BBFB0548-609E-41F2-88D4-513C26EE0E87}"
EndProject
Project("{2150E333-8FDC-42A3-9474-1A3956D46DE8}") = "Communication", "Communication", "{88B1E4EC-E9E8-4B5D-81F1-7CE96CE6248F}"
EndProject
Project("{2150E333-8FDC-42A3-9474-1A3956D46DE8}") = "Core", "Core", "{FDA146B7-7512-4D07-AEF9-C72CB74873BA}"
EndProject
Project("{2150E333-8FDC-42A3-9474-1A3956D46DE8}") = "Http", "Http", "{910A702A-FAE7-4CAF-8CA0-52D1D6D9E915}"
EndProject
Project("{FAE04EC0-301F-11D3-BF4B-00C04F79EFBC}") = "SkySoft.BPPApplication.Runtime", "..\SkySoftFramework\SkySoft.BPPApplication.Runtime\SkySoft.BPPApplication.Runtime.csproj", "{5A532F6D-1B64-403B-A7F4-45D4BA013CFA}"
EndProject
Project("{FAE04EC0-301F-11D3-BF4B-00C04F79EFBC}") = "SkySoft.BPPApplication.CFG", "..\SkySoftFramework\SkySoft.BPPApplication.CFG\SkySoft.BPPApplication.CFG.csproj", "{27C3FD84-4160-49DD-8FF3-E0FB89CF1924}"
EndProject
Project("{FAE04EC0-301F-11D3-BF4B-00C04F79EFBC}") = "SkySoft.DnsClientServerComponents", "..\SkySoftFramework\SkySoft.DnsClientServerComponents\SkySoft.DnsClientServerComponents.csproj", "{599C2172-1FC4-4148-870D-4CAAC4A28E52}"
EndProject
Project("{FAE04EC0-301F-11D3-BF4B-00C04F79EFBC}") = "SkySoft.Http", "..\SkySoftFramework\SkySoft.Http\SkySoft.Http.csproj", "{13EEE84C-D3D6-49A7-9E93-01B6A05DB260}"
EndProject
Project("{FAE04EC0-301F-11D3-BF4B-00C04F79EFBC}") = "SkySoft.Http.CFG", "..\SkySoftFramework\SkySoft.Http.CFG\SkySoft.Http.CFG.csproj", "{2F4E8BE4-5BCA-4F56-95BD-24456BA3E9C7}"
EndProject
Project("{FAE04EC0-301F-11D3-BF4B-00C04F79EFBC}") = "SkySoft.Http.DRV", "..\SkySoftFramework\SkySoft.Http.DRV\SkySoft.Http.DRV.csproj", "{B04B5141-DF8F-4BEA-90B2-B45BF25B783B}"
EndProject
Project("{2150E333-8FDC-42A3-9474-1A3956D46DE8}") = "Data", "Data", "{4A6CE7BF-939E-4732-B056-8F2B78F1533A}"
EndProject
Project("{FAE04EC0-301F-11D3-BF4B-00C04F79EFBC}") = "SkySoft.DnsRecord.DTI", "..\SkySoftFramework\SkySoft.DnsRecord.DTI\SkySoft.DnsRecord.DTI.csproj", "{3DB8DB53-279A-4510-BF45-60D7F610D277}"
EndProject
Project("{FAE04EC0-301F-11D3-BF4B-00C04F79EFBC}") = "SkySoft.DnsRecord.DTO", "..\SkySoftFramework\SkySoft.DnsRecord.DTO\SkySoft.DnsRecord.DTO.csproj", "{F23E30E0-4746-49EC-B4C7-2BA012E66D97}"
EndProject
Project("{FAE04EC0-301F-11D3-BF4B-00C04F79EFBC}") = "SkySoft.APIHost.CFG", "..\SkySoftFramework\SkySoft.APIHost.CFG\SkySoft.APIHost.CFG.csproj", "{AAE9E1C8-0F14-451A-91B0-CC2B389A22AD}"
EndProject
Project("{FAE04EC0-301F-11D3-BF4B-00C04F79EFBC}") = "SkySoft.APIHost.INI", "..\SkySoftFramework\SkySoft.APIHost.INI\SkySoft.APIHost.INI.csproj", "{830C9128-94D6-4A4B-9B79-963ECAEE78B0}"
EndProject
Global
	GlobalSection(SolutionConfigurationPlatforms) = preSolution
		Debug|Any CPU = Debug|Any CPU
		Release|Any CPU = Release|Any CPU
	EndGlobalSection
	GlobalSection(ProjectConfigurationPlatforms) = postSolution
		{D6E9E0BE-E7E1-421A-91B5-4717128BA53C}.Debug|Any CPU.ActiveCfg = Debug|Any CPU
		{D6E9E0BE-E7E1-421A-91B5-4717128BA53C}.Debug|Any CPU.Build.0 = Debug|Any CPU
		{D6E9E0BE-E7E1-421A-91B5-4717128BA53C}.Release|Any CPU.ActiveCfg = Release|Any CPU
		{D6E9E0BE-E7E1-421A-91B5-4717128BA53C}.Release|Any CPU.Build.0 = Release|Any CPU
		{DD56BA86-F1B7-4288-AA19-121B60E99727}.Debug|Any CPU.ActiveCfg = Debug|Any CPU
		{DD56BA86-F1B7-4288-AA19-121B60E99727}.Debug|Any CPU.Build.0 = Debug|Any CPU
		{DD56BA86-F1B7-4288-AA19-121B60E99727}.Release|Any CPU.ActiveCfg = Release|Any CPU
		{DD56BA86-F1B7-4288-AA19-121B60E99727}.Release|Any CPU.Build.0 = Release|Any CPU
		{DF42FC60-0328-4891-9E17-A84FCD1D5CD9}.Debug|Any CPU.ActiveCfg = Debug|Any CPU
		{DF42FC60-0328-4891-9E17-A84FCD1D5CD9}.Debug|Any CPU.Build.0 = Debug|Any CPU
		{DF42FC60-0328-4891-9E17-A84FCD1D5CD9}.Release|Any CPU.ActiveCfg = Release|Any CPU
		{DF42FC60-0328-4891-9E17-A84FCD1D5CD9}.Release|Any CPU.Build.0 = Release|Any CPU
		{3AD7E764-5C99-4A0D-BCFA-EB4FAEBFB770}.Debug|Any CPU.ActiveCfg = Debug|Any CPU
		{3AD7E764-5C99-4A0D-BCFA-EB4FAEBFB770}.Debug|Any CPU.Build.0 = Debug|Any CPU
		{3AD7E764-5C99-4A0D-BCFA-EB4FAEBFB770}.Release|Any CPU.ActiveCfg = Release|Any CPU
		{3AD7E764-5C99-4A0D-BCFA-EB4FAEBFB770}.Release|Any CPU.Build.0 = Release|Any CPU
		{868FA4C0-14B6-4640-8EAE-8B1DB9279979}.Debug|Any CPU.ActiveCfg = Debug|Any CPU
		{868FA4C0-14B6-4640-8EAE-8B1DB9279979}.Debug|Any CPU.Build.0 = Debug|Any CPU
		{868FA4C0-14B6-4640-8EAE-8B1DB9279979}.Release|Any CPU.ActiveCfg = Release|Any CPU
		{868FA4C0-14B6-4640-8EAE-8B1DB9279979}.Release|Any CPU.Build.0 = Release|Any CPU
		{2F710709-D69A-455D-925C-ACA41D106E1E}.Debug|Any CPU.ActiveCfg = Debug|Any CPU
		{2F710709-D69A-455D-925C-ACA41D106E1E}.Debug|Any CPU.Build.0 = Debug|Any CPU
		{2F710709-D69A-455D-925C-ACA41D106E1E}.Release|Any CPU.ActiveCfg = Release|Any CPU
		{2F710709-D69A-455D-925C-ACA41D106E1E}.Release|Any CPU.Build.0 = Release|Any CPU
		{B1BBD29B-5095-4144-A72C-D188368A9636}.Debug|Any CPU.ActiveCfg = Debug|Any CPU
		{B1BBD29B-5095-4144-A72C-D188368A9636}.Debug|Any CPU.Build.0 = Debug|Any CPU
		{B1BBD29B-5095-4144-A72C-D188368A9636}.Release|Any CPU.ActiveCfg = Release|Any CPU
		{B1BBD29B-5095-4144-A72C-D188368A9636}.Release|Any CPU.Build.0 = Release|Any CPU
		{1BB93F67-DA4F-41A7-A308-D5E925F881D1}.Debug|Any CPU.ActiveCfg = Debug|Any CPU
		{1BB93F67-DA4F-41A7-A308-D5E925F881D1}.Debug|Any CPU.Build.0 = Debug|Any CPU
		{1BB93F67-DA4F-41A7-A308-D5E925F881D1}.Release|Any CPU.ActiveCfg = Release|Any CPU
		{1BB93F67-DA4F-41A7-A308-D5E925F881D1}.Release|Any CPU.Build.0 = Release|Any CPU
		{654C62A2-ED86-4953-916F-C1B36ECAA5CE}.Debug|Any CPU.ActiveCfg = Debug|Any CPU
		{654C62A2-ED86-4953-916F-C1B36ECAA5CE}.Debug|Any CPU.Build.0 = Debug|Any CPU
		{654C62A2-ED86-4953-916F-C1B36ECAA5CE}.Release|Any CPU.ActiveCfg = Release|Any CPU
		{654C62A2-ED86-4953-916F-C1B36ECAA5CE}.Release|Any CPU.Build.0 = Release|Any CPU
		{09AB19E1-0374-4C73-9A26-6465FE9415EB}.Debug|Any CPU.ActiveCfg = Debug|Any CPU
		{09AB19E1-0374-4C73-9A26-6465FE9415EB}.Debug|Any CPU.Build.0 = Debug|Any CPU
		{09AB19E1-0374-4C73-9A26-6465FE9415EB}.Release|Any CPU.ActiveCfg = Release|Any CPU
		{09AB19E1-0374-4C73-9A26-6465FE9415EB}.Release|Any CPU.Build.0 = Release|Any CPU
		{D184CB83-60CB-4524-8C5E-969C73F46AB6}.Debug|Any CPU.ActiveCfg = Debug|Any CPU
		{D184CB83-60CB-4524-8C5E-969C73F46AB6}.Debug|Any CPU.Build.0 = Debug|Any CPU
		{D184CB83-60CB-4524-8C5E-969C73F46AB6}.Release|Any CPU.ActiveCfg = Release|Any CPU
		{D184CB83-60CB-4524-8C5E-969C73F46AB6}.Release|Any CPU.Build.0 = Release|Any CPU
		{6A39765D-1026-4658-B28A-5BB8114BDD2A}.Debug|Any CPU.ActiveCfg = Debug|Any CPU
		{6A39765D-1026-4658-B28A-5BB8114BDD2A}.Debug|Any CPU.Build.0 = Debug|Any CPU
		{6A39765D-1026-4658-B28A-5BB8114BDD2A}.Release|Any CPU.ActiveCfg = Release|Any CPU
		{6A39765D-1026-4658-B28A-5BB8114BDD2A}.Release|Any CPU.Build.0 = Release|Any CPU
		{4BC6B9E4-B9D5-4229-8691-ACF04EF5E83A}.Debug|Any CPU.ActiveCfg = Debug|Any CPU
		{4BC6B9E4-B9D5-4229-8691-ACF04EF5E83A}.Debug|Any CPU.Build.0 = Debug|Any CPU
		{4BC6B9E4-B9D5-4229-8691-ACF04EF5E83A}.Release|Any CPU.ActiveCfg = Release|Any CPU
		{4BC6B9E4-B9D5-4229-8691-ACF04EF5E83A}.Release|Any CPU.Build.0 = Release|Any CPU
		{5A532F6D-1B64-403B-A7F4-45D4BA013CFA}.Debug|Any CPU.ActiveCfg = Debug|Any CPU
		{5A532F6D-1B64-403B-A7F4-45D4BA013CFA}.Debug|Any CPU.Build.0 = Debug|Any CPU
		{5A532F6D-1B64-403B-A7F4-45D4BA013CFA}.Release|Any CPU.ActiveCfg = Release|Any CPU
		{5A532F6D-1B64-403B-A7F4-45D4BA013CFA}.Release|Any CPU.Build.0 = Release|Any CPU
		{27C3FD84-4160-49DD-8FF3-E0FB89CF1924}.Debug|Any CPU.ActiveCfg = Debug|Any CPU
		{27C3FD84-4160-49DD-8FF3-E0FB89CF1924}.Debug|Any CPU.Build.0 = Debug|Any CPU
		{27C3FD84-4160-49DD-8FF3-E0FB89CF1924}.Release|Any CPU.ActiveCfg = Release|Any CPU
		{27C3FD84-4160-49DD-8FF3-E0FB89CF1924}.Release|Any CPU.Build.0 = Release|Any CPU
		{599C2172-1FC4-4148-870D-4CAAC4A28E52}.Debug|Any CPU.ActiveCfg = Debug|Any CPU
		{599C2172-1FC4-4148-870D-4CAAC4A28E52}.Debug|Any CPU.Build.0 = Debug|Any CPU
		{599C2172-1FC4-4148-870D-4CAAC4A28E52}.Release|Any CPU.ActiveCfg = Release|Any CPU
		{599C2172-1FC4-4148-870D-4CAAC4A28E52}.Release|Any CPU.Build.0 = Release|Any CPU
		{13EEE84C-D3D6-49A7-9E93-01B6A05DB260}.Debug|Any CPU.ActiveCfg = Debug|Any CPU
		{13EEE84C-D3D6-49A7-9E93-01B6A05DB260}.Debug|Any CPU.Build.0 = Debug|Any CPU
		{13EEE84C-D3D6-49A7-9E93-01B6A05DB260}.Release|Any CPU.ActiveCfg = Release|Any CPU
		{13EEE84C-D3D6-49A7-9E93-01B6A05DB260}.Release|Any CPU.Build.0 = Release|Any CPU
		{2F4E8BE4-5BCA-4F56-95BD-24456BA3E9C7}.Debug|Any CPU.ActiveCfg = Debug|Any CPU
		{2F4E8BE4-5BCA-4F56-95BD-24456BA3E9C7}.Debug|Any CPU.Build.0 = Debug|Any CPU
		{2F4E8BE4-5BCA-4F56-95BD-24456BA3E9C7}.Release|Any CPU.ActiveCfg = Release|Any CPU
		{2F4E8BE4-5BCA-4F56-95BD-24456BA3E9C7}.Release|Any CPU.Build.0 = Release|Any CPU
		{B04B5141-DF8F-4BEA-90B2-B45BF25B783B}.Debug|Any CPU.ActiveCfg = Debug|Any CPU
		{B04B5141-DF8F-4BEA-90B2-B45BF25B783B}.Debug|Any CPU.Build.0 = Debug|Any CPU
		{B04B5141-DF8F-4BEA-90B2-B45BF25B783B}.Release|Any CPU.ActiveCfg = Release|Any CPU
		{B04B5141-DF8F-4BEA-90B2-B45BF25B783B}.Release|Any CPU.Build.0 = Release|Any CPU
		{3DB8DB53-279A-4510-BF45-60D7F610D277}.Debug|Any CPU.ActiveCfg = Debug|Any CPU
		{3DB8DB53-279A-4510-BF45-60D7F610D277}.Debug|Any CPU.Build.0 = Debug|Any CPU
		{3DB8DB53-279A-4510-BF45-60D7F610D277}.Release|Any CPU.ActiveCfg = Release|Any CPU
		{3DB8DB53-279A-4510-BF45-60D7F610D277}.Release|Any CPU.Build.0 = Release|Any CPU
		{F23E30E0-4746-49EC-B4C7-2BA012E66D97}.Debug|Any CPU.ActiveCfg = Debug|Any CPU
		{F23E30E0-4746-49EC-B4C7-2BA012E66D97}.Debug|Any CPU.Build.0 = Debug|Any CPU
		{F23E30E0-4746-49EC-B4C7-2BA012E66D97}.Release|Any CPU.ActiveCfg = Release|Any CPU
		{F23E30E0-4746-49EC-B4C7-2BA012E66D97}.Release|Any CPU.Build.0 = Release|Any CPU
		{AAE9E1C8-0F14-451A-91B0-CC2B389A22AD}.Debug|Any CPU.ActiveCfg = Debug|Any CPU
		{AAE9E1C8-0F14-451A-91B0-CC2B389A22AD}.Debug|Any CPU.Build.0 = Debug|Any CPU
		{AAE9E1C8-0F14-451A-91B0-CC2B389A22AD}.Release|Any CPU.ActiveCfg = Release|Any CPU
		{AAE9E1C8-0F14-451A-91B0-CC2B389A22AD}.Release|Any CPU.Build.0 = Release|Any CPU
		{830C9128-94D6-4A4B-9B79-963ECAEE78B0}.Debug|Any CPU.ActiveCfg = Debug|Any CPU
		{830C9128-94D6-4A4B-9B79-963ECAEE78B0}.Debug|Any CPU.Build.0 = Debug|Any CPU
		{830C9128-94D6-4A4B-9B79-963ECAEE78B0}.Release|Any CPU.ActiveCfg = Release|Any CPU
		{830C9128-94D6-4A4B-9B79-963ECAEE78B0}.Release|Any CPU.Build.0 = Release|Any CPU
	EndGlobalSection
	GlobalSection(SolutionProperties) = preSolution
		HideSolutionNode = FALSE
	EndGlobalSection
	GlobalSection(NestedProjects) = preSolution
		{B3011872-CC19-4E39-85FC-2F5CDDCA432C} = {40BD134E-47AC-426C-B492-D25A82B06B09}
		{9C6392C8-3269-49FB-97D2-6CB041CE28B9} = {FA27127D-05B0-498E-9B97-D704E206CE8D}
		{0B9D6971-C338-4E3B-B736-61E3CD3824CB} = {9C6392C8-3269-49FB-97D2-6CB041CE28B9}
		{D6E9E0BE-E7E1-421A-91B5-4717128BA53C} = {FDA146B7-7512-4D07-AEF9-C72CB74873BA}
		{DD56BA86-F1B7-4288-AA19-121B60E99727} = {FDA146B7-7512-4D07-AEF9-C72CB74873BA}
		{DF42FC60-0328-4891-9E17-A84FCD1D5CD9} = {88B1E4EC-E9E8-4B5D-81F1-7CE96CE6248F}
		{3AD7E764-5C99-4A0D-BCFA-EB4FAEBFB770} = {BBFB0548-609E-41F2-88D4-513C26EE0E87}
		{868FA4C0-14B6-4640-8EAE-8B1DB9279979} = {88B1E4EC-E9E8-4B5D-81F1-7CE96CE6248F}
		{2F710709-D69A-455D-925C-ACA41D106E1E} = {BBFB0548-609E-41F2-88D4-513C26EE0E87}
		{B1BBD29B-5095-4144-A72C-D188368A9636} = {0B9D6971-C338-4E3B-B736-61E3CD3824CB}
		{1BB93F67-DA4F-41A7-A308-D5E925F881D1} = {B3011872-CC19-4E39-85FC-2F5CDDCA432C}
		{654C62A2-ED86-4953-916F-C1B36ECAA5CE} = {B3011872-CC19-4E39-85FC-2F5CDDCA432C}
		{09AB19E1-0374-4C73-9A26-6465FE9415EB} = {B3011872-CC19-4E39-85FC-2F5CDDCA432C}
		{D184CB83-60CB-4524-8C5E-969C73F46AB6} = {2AC5D1CA-B35F-4F7F-84FB-751CF4DD80AD}
		{9B505033-037C-4478-A4C3-ED3A3105EE08} = {9C6392C8-3269-49FB-97D2-6CB041CE28B9}
		{6A39765D-1026-4658-B28A-5BB8114BDD2A} = {9B505033-037C-4478-A4C3-ED3A3105EE08}
		{4BC6B9E4-B9D5-4229-8691-ACF04EF5E83A} = {9B505033-037C-4478-A4C3-ED3A3105EE08}
		{274F8714-844A-40F9-9D8C-1F5D8771192F} = {FA27127D-05B0-498E-9B97-D704E206CE8D}
		{BBFB0548-609E-41F2-88D4-513C26EE0E87} = {274F8714-844A-40F9-9D8C-1F5D8771192F}
		{88B1E4EC-E9E8-4B5D-81F1-7CE96CE6248F} = {274F8714-844A-40F9-9D8C-1F5D8771192F}
		{FDA146B7-7512-4D07-AEF9-C72CB74873BA} = {274F8714-844A-40F9-9D8C-1F5D8771192F}
		{910A702A-FAE7-4CAF-8CA0-52D1D6D9E915} = {274F8714-844A-40F9-9D8C-1F5D8771192F}
		{5A532F6D-1B64-403B-A7F4-45D4BA013CFA} = {BBFB0548-609E-41F2-88D4-513C26EE0E87}
		{27C3FD84-4160-49DD-8FF3-E0FB89CF1924} = {BBFB0548-609E-41F2-88D4-513C26EE0E87}
		{599C2172-1FC4-4148-870D-4CAAC4A28E52} = {910A702A-FAE7-4CAF-8CA0-52D1D6D9E915}
		{13EEE84C-D3D6-49A7-9E93-01B6A05DB260} = {910A702A-FAE7-4CAF-8CA0-52D1D6D9E915}
		{2F4E8BE4-5BCA-4F56-95BD-24456BA3E9C7} = {910A702A-FAE7-4CAF-8CA0-52D1D6D9E915}
		{B04B5141-DF8F-4BEA-90B2-B45BF25B783B} = {910A702A-FAE7-4CAF-8CA0-52D1D6D9E915}
		{4A6CE7BF-939E-4732-B056-8F2B78F1533A} = {FA27127D-05B0-498E-9B97-D704E206CE8D}
		{3DB8DB53-279A-4510-BF45-60D7F610D277} = {4A6CE7BF-939E-4732-B056-8F2B78F1533A}
		{F23E30E0-4746-49EC-B4C7-2BA012E66D97} = {4A6CE7BF-939E-4732-B056-8F2B78F1533A}
		{AAE9E1C8-0F14-451A-91B0-CC2B389A22AD} = {9B505033-037C-4478-A4C3-ED3A3105EE08}
		{830C9128-94D6-4A4B-9B79-963ECAEE78B0} = {9B505033-037C-4478-A4C3-ED3A3105EE08}
	EndGlobalSection
EndGlobal
